// !$*UTF8*$!
{
	archiveVersion = 1;
	classes = {
	};
	objectVersion = 52;
	objects = {

/* Begin PBXBuildFile section */
		D34DB91D7CA4B380288D7CF2 /* Pods_iOS_Play.framework in Frameworks */ = {isa = PBXBuildFile; fileRef = 95FB2CAB69FF583436CAA23A /* Pods_iOS_Play.framework */; };
		E33227502615824800DA11BE /* LoginViewController.swift in Sources */ = {isa = PBXBuildFile; fileRef = E332274F2615824800DA11BE /* LoginViewController.swift */; };
		E332B57B262828500029CE71 /* TopTVEpisodesViewController.xib in Resources */ = {isa = PBXBuildFile; fileRef = E332B579262828500029CE71 /* TopTVEpisodesViewController.xib */; };
		E332B57C262828500029CE71 /* TopTVEpisodesViewController.swift in Sources */ = {isa = PBXBuildFile; fileRef = E332B57A262828500029CE71 /* TopTVEpisodesViewController.swift */; };
		E332B5802628285A0029CE71 /* TVShowViewController.swift in Sources */ = {isa = PBXBuildFile; fileRef = E332B57E2628285A0029CE71 /* TVShowViewController.swift */; };
		E332B5812628285A0029CE71 /* TVShowViewController.xib in Resources */ = {isa = PBXBuildFile; fileRef = E332B57F2628285A0029CE71 /* TVShowViewController.xib */; };
		E332B586262828850029CE71 /* TopTVSeasonsViewController.xib in Resources */ = {isa = PBXBuildFile; fileRef = E332B584262828850029CE71 /* TopTVSeasonsViewController.xib */; };
		E332B587262828850029CE71 /* TopTVSeasonsViewController.swift in Sources */ = {isa = PBXBuildFile; fileRef = E332B585262828850029CE71 /* TopTVSeasonsViewController.swift */; };
		E332B58D26282A170029CE71 /* AppleTVTableViewCell.swift in Sources */ = {isa = PBXBuildFile; fileRef = E332B58B26282A170029CE71 /* AppleTVTableViewCell.swift */; };
		E332B58E26282A170029CE71 /* AppleTVTableViewCell.xib in Resources */ = {isa = PBXBuildFile; fileRef = E332B58C26282A170029CE71 /* AppleTVTableViewCell.xib */; };
		E332B59326282A360029CE71 /* AppleTVCollectionViewCell.swift in Sources */ = {isa = PBXBuildFile; fileRef = E332B59126282A360029CE71 /* AppleTVCollectionViewCell.swift */; };
		E332B59426282A360029CE71 /* AppleTVCollectionViewCell.xib in Resources */ = {isa = PBXBuildFile; fileRef = E332B59226282A360029CE71 /* AppleTVCollectionViewCell.xib */; };
		E3530575261AFDD10077AB04 /* DataMock.swift in Sources */ = {isa = PBXBuildFile; fileRef = E3530574261AFDD10077AB04 /* DataMock.swift */; };
		E3530579261B0A450077AB04 /* Fonts.swift in Sources */ = {isa = PBXBuildFile; fileRef = E3530578261B0A450077AB04 /* Fonts.swift */; };
		E35CAE2226281188008DF5CA /* BookViewController.swift in Sources */ = {isa = PBXBuildFile; fileRef = E35CAE2026281188008DF5CA /* BookViewController.swift */; };
		E35CAE2326281188008DF5CA /* BookViewController.xib in Resources */ = {isa = PBXBuildFile; fileRef = E35CAE2126281188008DF5CA /* BookViewController.xib */; };
		E35CAE292628119F008DF5CA /* TopFreeViewController.swift in Sources */ = {isa = PBXBuildFile; fileRef = E35CAE272628119F008DF5CA /* TopFreeViewController.swift */; };
		E35CAE2A2628119F008DF5CA /* TopFreeViewController.xib in Resources */ = {isa = PBXBuildFile; fileRef = E35CAE282628119F008DF5CA /* TopFreeViewController.xib */; };
		E35CAE2E262811A7008DF5CA /* TopPaidViewController.swift in Sources */ = {isa = PBXBuildFile; fileRef = E35CAE2C262811A7008DF5CA /* TopPaidViewController.swift */; };
		E35CAE2F262811A7008DF5CA /* TopPaidViewController.xib in Resources */ = {isa = PBXBuildFile; fileRef = E35CAE2D262811A7008DF5CA /* TopPaidViewController.xib */; };
		E36791122623F1AD0062EAC7 /* TopAppViewController.swift in Sources */ = {isa = PBXBuildFile; fileRef = E36791102623F1AD0062EAC7 /* TopAppViewController.swift */; };
		E36791132623F1AD0062EAC7 /* TopAppViewController.xib in Resources */ = {isa = PBXBuildFile; fileRef = E36791112623F1AD0062EAC7 /* TopAppViewController.xib */; };
		E36791182623F2170062EAC7 /* RankTableViewCell.xib in Resources */ = {isa = PBXBuildFile; fileRef = E36791162623F2170062EAC7 /* RankTableViewCell.xib */; };
		E36791192623F2170062EAC7 /* RankTableViewCell.swift in Sources */ = {isa = PBXBuildFile; fileRef = E36791172623F2170062EAC7 /* RankTableViewCell.swift */; };
		E36E6832261704710040F922 /* FeedTypeEnum.swift in Sources */ = {isa = PBXBuildFile; fileRef = E36E6830261704710040F922 /* FeedTypeEnum.swift */; };
		E36E6833261704710040F922 /* SegmentCollectionCell.swift in Sources */ = {isa = PBXBuildFile; fileRef = E36E6831261704710040F922 /* SegmentCollectionCell.swift */; };
		E36E6838261704890040F922 /* NewGameViewController.swift in Sources */ = {isa = PBXBuildFile; fileRef = E36E6836261704890040F922 /* NewGameViewController.swift */; };
		E3725B3626242C8000770119 /* MusicViewController.swift in Sources */ = {isa = PBXBuildFile; fileRef = E3725B3426242C8000770119 /* MusicViewController.swift */; };
		E3725B3726242C8000770119 /* MusicViewController.xib in Resources */ = {isa = PBXBuildFile; fileRef = E3725B3526242C8000770119 /* MusicViewController.xib */; };
		E3725B3B26242C8F00770119 /* SegmentCollectionViewCell.xib in Resources */ = {isa = PBXBuildFile; fileRef = E3725B3926242C8F00770119 /* SegmentCollectionViewCell.xib */; };
		E3725B3C26242C8F00770119 /* SegmentCollectionViewCell.swift in Sources */ = {isa = PBXBuildFile; fileRef = E3725B3A26242C8F00770119 /* SegmentCollectionViewCell.swift */; };
		E3725B4126242CFD00770119 /* RankMusicViewController.swift in Sources */ = {isa = PBXBuildFile; fileRef = E3725B3F26242CFD00770119 /* RankMusicViewController.swift */; };
		E3725B4226242CFD00770119 /* RankMusicViewController.xib in Resources */ = {isa = PBXBuildFile; fileRef = E3725B4026242CFD00770119 /* RankMusicViewController.xib */; };
		E3725B552624362F00770119 /* FeatureCollectionViewCell.xib in Resources */ = {isa = PBXBuildFile; fileRef = E3725B512624362F00770119 /* FeatureCollectionViewCell.xib */; };
		E3725B562624362F00770119 /* FeatureTableViewCell.swift in Sources */ = {isa = PBXBuildFile; fileRef = E3725B522624362F00770119 /* FeatureTableViewCell.swift */; };
		E3725B572624362F00770119 /* FeatureCollectionViewCell.swift in Sources */ = {isa = PBXBuildFile; fileRef = E3725B532624362F00770119 /* FeatureCollectionViewCell.swift */; };
		E3725B582624362F00770119 /* FeatureTableViewCell.xib in Resources */ = {isa = PBXBuildFile; fileRef = E3725B542624362F00770119 /* FeatureTableViewCell.xib */; };
		E3725B5F2624365200770119 /* HotTrackTableViewCell.swift in Sources */ = {isa = PBXBuildFile; fileRef = E3725B5B2624365100770119 /* HotTrackTableViewCell.swift */; };
		E3725B602624365200770119 /* MusicCollectionViewCell.swift in Sources */ = {isa = PBXBuildFile; fileRef = E3725B5C2624365100770119 /* MusicCollectionViewCell.swift */; };
		E3725B612624365200770119 /* HotTrackTableViewCell.xib in Resources */ = {isa = PBXBuildFile; fileRef = E3725B5D2624365200770119 /* HotTrackTableViewCell.xib */; };
		E3725B622624365200770119 /* MusicCollectionViewCell.xib in Resources */ = {isa = PBXBuildFile; fileRef = E3725B5E2624365200770119 /* MusicCollectionViewCell.xib */; };
		E3725B67262436BE00770119 /* HotTrackViewController.swift in Sources */ = {isa = PBXBuildFile; fileRef = E3725B65262436BE00770119 /* HotTrackViewController.swift */; };
		E3725B68262436BE00770119 /* HotTrackViewController.xib in Resources */ = {isa = PBXBuildFile; fileRef = E3725B66262436BE00770119 /* HotTrackViewController.xib */; };
		E3725B732624A2EF00770119 /* UIImageView++.swift in Sources */ = {isa = PBXBuildFile; fileRef = E3725B722624A2EF00770119 /* UIImageView++.swift */; };
		E379630F2615AE2800CBF147 /* Strings.swift in Sources */ = {isa = PBXBuildFile; fileRef = E379630D2615AE2800CBF147 /* Strings.swift */; };
		E37963102615AE2800CBF147 /* Assets.swift in Sources */ = {isa = PBXBuildFile; fileRef = E379630E2615AE2800CBF147 /* Assets.swift */; };
		E37963142615AE5F00CBF147 /* Localizable.strings in Resources */ = {isa = PBXBuildFile; fileRef = E37963122615AE5F00CBF147 /* Localizable.strings */; };
		E37B77D626254C6A00DBA851 /* MovieDetailViewController.swift in Sources */ = {isa = PBXBuildFile; fileRef = E37B77D426254C6A00DBA851 /* MovieDetailViewController.swift */; };
		E37B77D726254C6A00DBA851 /* MovieDetailViewController.xib in Resources */ = {isa = PBXBuildFile; fileRef = E37B77D526254C6A00DBA851 /* MovieDetailViewController.xib */; };
		E37B77DE26254F9600DBA851 /* ImageBackgroundTableViewCell.swift in Sources */ = {isa = PBXBuildFile; fileRef = E37B77DC26254F9600DBA851 /* ImageBackgroundTableViewCell.swift */; };
		E37B77DF26254F9600DBA851 /* ImageBackgroundTableViewCell.xib in Resources */ = {isa = PBXBuildFile; fileRef = E37B77DD26254F9600DBA851 /* ImageBackgroundTableViewCell.xib */; };
		E37B77E42625515500DBA851 /* InfoTableViewCell.swift in Sources */ = {isa = PBXBuildFile; fileRef = E37B77E22625515500DBA851 /* InfoTableViewCell.swift */; };
		E37B77E52625515500DBA851 /* InfoTableViewCell.xib in Resources */ = {isa = PBXBuildFile; fileRef = E37B77E32625515500DBA851 /* InfoTableViewCell.xib */; };
		E37D7CD1261AB66B00E433BB /* BannerViewTableCell.swift in Sources */ = {isa = PBXBuildFile; fileRef = E37D7CD0261AB66B00E433BB /* BannerViewTableCell.swift */; };
		E37D7CD9261AB68500E433BB /* GenreViewCell.swift in Sources */ = {isa = PBXBuildFile; fileRef = E37D7CD8261AB68500E433BB /* GenreViewCell.swift */; };
		E37D7CDD261AB68E00E433BB /* HighlightViewCell.swift in Sources */ = {isa = PBXBuildFile; fileRef = E37D7CDB261AB68E00E433BB /* HighlightViewCell.swift */; };
		E37D7CDE261AB68E00E433BB /* HighlighTableViewCell.swift in Sources */ = {isa = PBXBuildFile; fileRef = E37D7CDC261AB68E00E433BB /* HighlighTableViewCell.swift */; };
		E37D7CE7261AB6E200E433BB /* Arvo-Bold.ttf in Resources */ = {isa = PBXBuildFile; fileRef = E37D7CE2261AB6E200E433BB /* Arvo-Bold.ttf */; };
		E37D7CE8261AB6E200E433BB /* Arvo-Regular.ttf in Resources */ = {isa = PBXBuildFile; fileRef = E37D7CE3261AB6E200E433BB /* Arvo-Regular.ttf */; };
		E37D7CE9261AB6E200E433BB /* Arvo-Italic.ttf in Resources */ = {isa = PBXBuildFile; fileRef = E37D7CE4261AB6E200E433BB /* Arvo-Italic.ttf */; };
		E37D7CEA261AB6E200E433BB /* Arvo-BoldItalic.ttf in Resources */ = {isa = PBXBuildFile; fileRef = E37D7CE5261AB6E200E433BB /* Arvo-BoldItalic.ttf */; };
		E37D7CF2261ABB7900E433BB /* AppDetailViewController.swift in Sources */ = {isa = PBXBuildFile; fileRef = E37D7CF1261ABB7900E433BB /* AppDetailViewController.swift */; };
		E37D7CF9261ACADB00E433BB /* Cell++.swift in Sources */ = {isa = PBXBuildFile; fileRef = E37D7CF8261ACADB00E433BB /* Cell++.swift */; };
		E37D7CFC261ACC8500E433BB /* CellModel.swift in Sources */ = {isa = PBXBuildFile; fileRef = E37D7CFB261ACC8400E433BB /* CellModel.swift */; };
		E38797EB2626DBC100B78B6B /* ActionMovieViewController.xib in Resources */ = {isa = PBXBuildFile; fileRef = E38797E92626DBC100B78B6B /* ActionMovieViewController.xib */; };
		E38797EC2626DBC100B78B6B /* ActionMovieViewController.swift in Sources */ = {isa = PBXBuildFile; fileRef = E38797EA2626DBC100B78B6B /* ActionMovieViewController.swift */; };
		E38797F02626DD0700B78B6B /* AllMovieViewController.swift in Sources */ = {isa = PBXBuildFile; fileRef = E38797EE2626DD0700B78B6B /* AllMovieViewController.swift */; };
		E38797F12626DD0700B78B6B /* AllMovieViewController.xib in Resources */ = {isa = PBXBuildFile; fileRef = E38797EF2626DD0700B78B6B /* AllMovieViewController.xib */; };
		E38797F42626DD1600B78B6B /* MovieViewController.xib in Resources */ = {isa = PBXBuildFile; fileRef = E38797F32626DD1500B78B6B /* MovieViewController.xib */; };
		E38797F82626DD2900B78B6B /* MovieViewController.swift in Sources */ = {isa = PBXBuildFile; fileRef = E38797F72626DD2900B78B6B /* MovieViewController.swift */; };
		E38797FD2626DE4300B78B6B /* ListMovieTableViewCell.xib in Resources */ = {isa = PBXBuildFile; fileRef = E38797FB2626DE4300B78B6B /* ListMovieTableViewCell.xib */; };
		E38797FE2626DE4300B78B6B /* ListMovieTableViewCell.swift in Sources */ = {isa = PBXBuildFile; fileRef = E38797FC2626DE4300B78B6B /* ListMovieTableViewCell.swift */; };
		E38ABAEE2618136800B118AD /* Reusable in Frameworks */ = {isa = PBXBuildFile; productRef = E38ABAED2618136800B118AD /* Reusable */; };
		E3E70F0B26144C9200271013 /* AppDelegate.swift in Sources */ = {isa = PBXBuildFile; fileRef = E3E70F0A26144C9200271013 /* AppDelegate.swift */; };
		E3E70F0D26144C9200271013 /* SceneDelegate.swift in Sources */ = {isa = PBXBuildFile; fileRef = E3E70F0C26144C9200271013 /* SceneDelegate.swift */; };
		E3E70F1226144C9200271013 /* Main.storyboard in Resources */ = {isa = PBXBuildFile; fileRef = E3E70F1026144C9200271013 /* Main.storyboard */; };
		E3E70F1426144C9400271013 /* Assets.xcassets in Resources */ = {isa = PBXBuildFile; fileRef = E3E70F1326144C9400271013 /* Assets.xcassets */; };
		E3E70F1726144C9400271013 /* LaunchScreen.storyboard in Resources */ = {isa = PBXBuildFile; fileRef = E3E70F1526144C9400271013 /* LaunchScreen.storyboard */; };
		E3E70F2326144DAB00271013 /* MainTabBarViewController.swift in Sources */ = {isa = PBXBuildFile; fileRef = E3E70F2226144DAB00271013 /* MainTabBarViewController.swift */; };
		E3E70F2C26144EE800271013 /* AppViewController.swift in Sources */ = {isa = PBXBuildFile; fileRef = E3E70F2B26144EE800271013 /* AppViewController.swift */; };
		E3E70F43261457BE00271013 /* BaseNavigationController.swift in Sources */ = {isa = PBXBuildFile; fileRef = E3E70F42261457BE00271013 /* BaseNavigationController.swift */; };
		E3E70F4E26146A2B00271013 /* TabBarItems.swift in Sources */ = {isa = PBXBuildFile; fileRef = E3E70F4D26146A2B00271013 /* TabBarItems.swift */; };
		E3E70F55261473FE00271013 /* Then in Frameworks */ = {isa = PBXBuildFile; productRef = E3E70F54261473FE00271013 /* Then */; };
		E3EEB8D3261EF1950030413C /* DetailCellModel.swift in Sources */ = {isa = PBXBuildFile; fileRef = E3EEB8D2261EF1950030413C /* DetailCellModel.swift */; };
		E3EEB8D6261F02060030413C /* DescriptionTableViewCell.swift in Sources */ = {isa = PBXBuildFile; fileRef = E3EEB8D5261F02060030413C /* DescriptionTableViewCell.swift */; };
		E3EF5680261DB6A0008971C6 /* URLString .swift in Sources */ = {isa = PBXBuildFile; fileRef = E3EF567E261DB6A0008971C6 /* URLString .swift */; };
		E3EF5681261DB6A0008971C6 /* Feed.swift in Sources */ = {isa = PBXBuildFile; fileRef = E3EF567F261DB6A0008971C6 /* Feed.swift */; };
		E3EF5684261DB6A8008971C6 /* APIManager.swift in Sources */ = {isa = PBXBuildFile; fileRef = E3EF5683261DB6A8008971C6 /* APIManager.swift */; };
		E3FE8B19262028E500816EB7 /* DescriptionCollectionViewCell.swift in Sources */ = {isa = PBXBuildFile; fileRef = E3FE8B17262028E400816EB7 /* DescriptionCollectionViewCell.swift */; };
		E3FE8B1A262028E500816EB7 /* DescriptionCollectionViewCell.xib in Resources */ = {isa = PBXBuildFile; fileRef = E3FE8B18262028E500816EB7 /* DescriptionCollectionViewCell.xib */; };
		E3FE8B1F26202E7900816EB7 /* CommentTableCell.swift in Sources */ = {isa = PBXBuildFile; fileRef = E3FE8B1D26202E7900816EB7 /* CommentTableCell.swift */; };
		E3FE8B2026202E7900816EB7 /* CommentTableCell.xib in Resources */ = {isa = PBXBuildFile; fileRef = E3FE8B1E26202E7900816EB7 /* CommentTableCell.xib */; };
		E3FE8B25262031F300816EB7 /* OverViewTableViewCell.swift in Sources */ = {isa = PBXBuildFile; fileRef = E3FE8B23262031F300816EB7 /* OverViewTableViewCell.swift */; };
		E3FE8B26262031F300816EB7 /* OverViewTableViewCell.xib in Resources */ = {isa = PBXBuildFile; fileRef = E3FE8B24262031F300816EB7 /* OverViewTableViewCell.xib */; };
		E3FE8B2A2620375900816EB7 /* DownloadTableViewCell.swift in Sources */ = {isa = PBXBuildFile; fileRef = E3FE8B282620375900816EB7 /* DownloadTableViewCell.swift */; };
		E3FE8B2B2620375900816EB7 /* DownloadTableViewCell.xib in Resources */ = {isa = PBXBuildFile; fileRef = E3FE8B292620375900816EB7 /* DownloadTableViewCell.xib */; };
		E3FE8B32262047A700816EB7 /* AppDetailViewController.xib in Resources */ = {isa = PBXBuildFile; fileRef = E3FE8B30262047A700816EB7 /* AppDetailViewController.xib */; };
		E3FE8B4A26204E9100816EB7 /* DescriptionTableViewCell.xib in Resources */ = {isa = PBXBuildFile; fileRef = E3FE8B4826204E9100816EB7 /* DescriptionTableViewCell.xib */; };
		E3FE8B56262075E900816EB7 /* UIview++.swift in Sources */ = {isa = PBXBuildFile; fileRef = E3FE8B55262075E900816EB7 /* UIview++.swift */; };
		E3FE8B5B2620791900816EB7 /* CollectionViewCell.swift in Sources */ = {isa = PBXBuildFile; fileRef = E3FE8B592620791900816EB7 /* CollectionViewCell.swift */; };
		E3FE8B5C2620791900816EB7 /* CollectionViewCell.xib in Resources */ = {isa = PBXBuildFile; fileRef = E3FE8B5A2620791900816EB7 /* CollectionViewCell.xib */; };
		E3FE8B6426207D5500816EB7 /* CollectionTableViewCell.swift in Sources */ = {isa = PBXBuildFile; fileRef = E3FE8B6226207D5500816EB7 /* CollectionTableViewCell.swift */; };
		E3FE8B6526207D5500816EB7 /* CollectionTableViewCell.xib in Resources */ = {isa = PBXBuildFile; fileRef = E3FE8B6326207D5500816EB7 /* CollectionTableViewCell.xib */; };
/* End PBXBuildFile section */

/* Begin PBXFileReference section */
		60EEE4E73FE46C278F760426 /* Pods-iOS-Play.debug.xcconfig */ = {isa = PBXFileReference; includeInIndex = 1; lastKnownFileType = text.xcconfig; name = "Pods-iOS-Play.debug.xcconfig"; path = "Target Support Files/Pods-iOS-Play/Pods-iOS-Play.debug.xcconfig"; sourceTree = "<group>"; };
		8B6E124329B5C756D42E4291 /* Pods-iOS-Play.release.xcconfig */ = {isa = PBXFileReference; includeInIndex = 1; lastKnownFileType = text.xcconfig; name = "Pods-iOS-Play.release.xcconfig"; path = "Target Support Files/Pods-iOS-Play/Pods-iOS-Play.release.xcconfig"; sourceTree = "<group>"; };
		95FB2CAB69FF583436CAA23A /* Pods_iOS_Play.framework */ = {isa = PBXFileReference; explicitFileType = wrapper.framework; includeInIndex = 0; path = Pods_iOS_Play.framework; sourceTree = BUILT_PRODUCTS_DIR; };
		E332274F2615824800DA11BE /* LoginViewController.swift */ = {isa = PBXFileReference; lastKnownFileType = sourcecode.swift; path = LoginViewController.swift; sourceTree = "<group>"; };
		E332B579262828500029CE71 /* TopTVEpisodesViewController.xib */ = {isa = PBXFileReference; fileEncoding = 4; lastKnownFileType = file.xib; path = TopTVEpisodesViewController.xib; sourceTree = "<group>"; };
		E332B57A262828500029CE71 /* TopTVEpisodesViewController.swift */ = {isa = PBXFileReference; fileEncoding = 4; lastKnownFileType = sourcecode.swift; path = TopTVEpisodesViewController.swift; sourceTree = "<group>"; };
		E332B57E2628285A0029CE71 /* TVShowViewController.swift */ = {isa = PBXFileReference; fileEncoding = 4; lastKnownFileType = sourcecode.swift; path = TVShowViewController.swift; sourceTree = "<group>"; };
		E332B57F2628285A0029CE71 /* TVShowViewController.xib */ = {isa = PBXFileReference; fileEncoding = 4; lastKnownFileType = file.xib; name = TVShowViewController.xib; path = "Top TV Seasons/TVShowViewController.xib"; sourceTree = "<group>"; };
		E332B584262828850029CE71 /* TopTVSeasonsViewController.xib */ = {isa = PBXFileReference; fileEncoding = 4; lastKnownFileType = file.xib; path = TopTVSeasonsViewController.xib; sourceTree = "<group>"; };
		E332B585262828850029CE71 /* TopTVSeasonsViewController.swift */ = {isa = PBXFileReference; fileEncoding = 4; lastKnownFileType = sourcecode.swift; path = TopTVSeasonsViewController.swift; sourceTree = "<group>"; };
		E332B58B26282A170029CE71 /* AppleTVTableViewCell.swift */ = {isa = PBXFileReference; lastKnownFileType = sourcecode.swift; path = AppleTVTableViewCell.swift; sourceTree = "<group>"; };
		E332B58C26282A170029CE71 /* AppleTVTableViewCell.xib */ = {isa = PBXFileReference; lastKnownFileType = file.xib; path = AppleTVTableViewCell.xib; sourceTree = "<group>"; };
		E332B59126282A360029CE71 /* AppleTVCollectionViewCell.swift */ = {isa = PBXFileReference; lastKnownFileType = sourcecode.swift; path = AppleTVCollectionViewCell.swift; sourceTree = "<group>"; };
		E332B59226282A360029CE71 /* AppleTVCollectionViewCell.xib */ = {isa = PBXFileReference; lastKnownFileType = file.xib; path = AppleTVCollectionViewCell.xib; sourceTree = "<group>"; };
		E3530574261AFDD10077AB04 /* DataMock.swift */ = {isa = PBXFileReference; lastKnownFileType = sourcecode.swift; path = DataMock.swift; sourceTree = "<group>"; };
		E3530578261B0A450077AB04 /* Fonts.swift */ = {isa = PBXFileReference; lastKnownFileType = sourcecode.swift; path = Fonts.swift; sourceTree = "<group>"; };
		E35CAE2026281188008DF5CA /* BookViewController.swift */ = {isa = PBXFileReference; fileEncoding = 4; lastKnownFileType = sourcecode.swift; path = BookViewController.swift; sourceTree = "<group>"; };
		E35CAE2126281188008DF5CA /* BookViewController.xib */ = {isa = PBXFileReference; fileEncoding = 4; lastKnownFileType = file.xib; path = BookViewController.xib; sourceTree = "<group>"; };
		E35CAE272628119F008DF5CA /* TopFreeViewController.swift */ = {isa = PBXFileReference; fileEncoding = 4; lastKnownFileType = sourcecode.swift; path = TopFreeViewController.swift; sourceTree = "<group>"; };
		E35CAE282628119F008DF5CA /* TopFreeViewController.xib */ = {isa = PBXFileReference; fileEncoding = 4; lastKnownFileType = file.xib; path = TopFreeViewController.xib; sourceTree = "<group>"; };
		E35CAE2C262811A7008DF5CA /* TopPaidViewController.swift */ = {isa = PBXFileReference; fileEncoding = 4; lastKnownFileType = sourcecode.swift; path = TopPaidViewController.swift; sourceTree = "<group>"; };
		E35CAE2D262811A7008DF5CA /* TopPaidViewController.xib */ = {isa = PBXFileReference; fileEncoding = 4; lastKnownFileType = file.xib; path = TopPaidViewController.xib; sourceTree = "<group>"; };
		E36791102623F1AD0062EAC7 /* TopAppViewController.swift */ = {isa = PBXFileReference; fileEncoding = 4; lastKnownFileType = sourcecode.swift; path = TopAppViewController.swift; sourceTree = "<group>"; };
		E36791112623F1AD0062EAC7 /* TopAppViewController.xib */ = {isa = PBXFileReference; fileEncoding = 4; lastKnownFileType = file.xib; path = TopAppViewController.xib; sourceTree = "<group>"; };
		E36791162623F2170062EAC7 /* RankTableViewCell.xib */ = {isa = PBXFileReference; fileEncoding = 4; lastKnownFileType = file.xib; path = RankTableViewCell.xib; sourceTree = "<group>"; };
		E36791172623F2170062EAC7 /* RankTableViewCell.swift */ = {isa = PBXFileReference; fileEncoding = 4; lastKnownFileType = sourcecode.swift; path = RankTableViewCell.swift; sourceTree = "<group>"; };
		E36E6830261704710040F922 /* FeedTypeEnum.swift */ = {isa = PBXFileReference; fileEncoding = 4; lastKnownFileType = sourcecode.swift; path = FeedTypeEnum.swift; sourceTree = "<group>"; };
		E36E6831261704710040F922 /* SegmentCollectionCell.swift */ = {isa = PBXFileReference; fileEncoding = 4; lastKnownFileType = sourcecode.swift; path = SegmentCollectionCell.swift; sourceTree = "<group>"; };
		E36E6836261704890040F922 /* NewGameViewController.swift */ = {isa = PBXFileReference; fileEncoding = 4; lastKnownFileType = sourcecode.swift; path = NewGameViewController.swift; sourceTree = "<group>"; };
		E3725B3426242C8000770119 /* MusicViewController.swift */ = {isa = PBXFileReference; fileEncoding = 4; lastKnownFileType = sourcecode.swift; path = MusicViewController.swift; sourceTree = "<group>"; };
		E3725B3526242C8000770119 /* MusicViewController.xib */ = {isa = PBXFileReference; fileEncoding = 4; lastKnownFileType = file.xib; path = MusicViewController.xib; sourceTree = "<group>"; };
		E3725B3926242C8F00770119 /* SegmentCollectionViewCell.xib */ = {isa = PBXFileReference; fileEncoding = 4; lastKnownFileType = file.xib; path = SegmentCollectionViewCell.xib; sourceTree = "<group>"; };
		E3725B3A26242C8F00770119 /* SegmentCollectionViewCell.swift */ = {isa = PBXFileReference; fileEncoding = 4; lastKnownFileType = sourcecode.swift; path = SegmentCollectionViewCell.swift; sourceTree = "<group>"; };
		E3725B3F26242CFD00770119 /* RankMusicViewController.swift */ = {isa = PBXFileReference; lastKnownFileType = sourcecode.swift; path = RankMusicViewController.swift; sourceTree = "<group>"; };
		E3725B4026242CFD00770119 /* RankMusicViewController.xib */ = {isa = PBXFileReference; lastKnownFileType = file.xib; path = RankMusicViewController.xib; sourceTree = "<group>"; };
		E3725B512624362F00770119 /* FeatureCollectionViewCell.xib */ = {isa = PBXFileReference; fileEncoding = 4; lastKnownFileType = file.xib; path = FeatureCollectionViewCell.xib; sourceTree = "<group>"; };
		E3725B522624362F00770119 /* FeatureTableViewCell.swift */ = {isa = PBXFileReference; fileEncoding = 4; lastKnownFileType = sourcecode.swift; path = FeatureTableViewCell.swift; sourceTree = "<group>"; };
		E3725B532624362F00770119 /* FeatureCollectionViewCell.swift */ = {isa = PBXFileReference; fileEncoding = 4; lastKnownFileType = sourcecode.swift; path = FeatureCollectionViewCell.swift; sourceTree = "<group>"; };
		E3725B542624362F00770119 /* FeatureTableViewCell.xib */ = {isa = PBXFileReference; fileEncoding = 4; lastKnownFileType = file.xib; path = FeatureTableViewCell.xib; sourceTree = "<group>"; };
		E3725B5B2624365100770119 /* HotTrackTableViewCell.swift */ = {isa = PBXFileReference; fileEncoding = 4; lastKnownFileType = sourcecode.swift; path = HotTrackTableViewCell.swift; sourceTree = "<group>"; };
		E3725B5C2624365100770119 /* MusicCollectionViewCell.swift */ = {isa = PBXFileReference; fileEncoding = 4; lastKnownFileType = sourcecode.swift; path = MusicCollectionViewCell.swift; sourceTree = "<group>"; };
		E3725B5D2624365200770119 /* HotTrackTableViewCell.xib */ = {isa = PBXFileReference; fileEncoding = 4; lastKnownFileType = file.xib; path = HotTrackTableViewCell.xib; sourceTree = "<group>"; };
		E3725B5E2624365200770119 /* MusicCollectionViewCell.xib */ = {isa = PBXFileReference; fileEncoding = 4; lastKnownFileType = file.xib; path = MusicCollectionViewCell.xib; sourceTree = "<group>"; };
		E3725B65262436BE00770119 /* HotTrackViewController.swift */ = {isa = PBXFileReference; fileEncoding = 4; lastKnownFileType = sourcecode.swift; path = HotTrackViewController.swift; sourceTree = "<group>"; };
		E3725B66262436BE00770119 /* HotTrackViewController.xib */ = {isa = PBXFileReference; fileEncoding = 4; lastKnownFileType = file.xib; path = HotTrackViewController.xib; sourceTree = "<group>"; };
		E3725B722624A2EF00770119 /* UIImageView++.swift */ = {isa = PBXFileReference; lastKnownFileType = sourcecode.swift; path = "UIImageView++.swift"; sourceTree = "<group>"; };
		E37963062615AC7700CBF147 /* Podfile */ = {isa = PBXFileReference; lastKnownFileType = text; path = Podfile; sourceTree = "<group>"; xcLanguageSpecificationIdentifier = xcode.lang.ruby; };
		E379630B2615AD3400CBF147 /* swiftgen.yml */ = {isa = PBXFileReference; lastKnownFileType = text.yaml; path = swiftgen.yml; sourceTree = "<group>"; };
		E379630D2615AE2800CBF147 /* Strings.swift */ = {isa = PBXFileReference; fileEncoding = 4; lastKnownFileType = sourcecode.swift; path = Strings.swift; sourceTree = "<group>"; };
		E379630E2615AE2800CBF147 /* Assets.swift */ = {isa = PBXFileReference; fileEncoding = 4; lastKnownFileType = sourcecode.swift; path = Assets.swift; sourceTree = "<group>"; };
		E37963132615AE5F00CBF147 /* Base */ = {isa = PBXFileReference; lastKnownFileType = text.plist.strings; name = Base; path = Base.lproj/Localizable.strings; sourceTree = "<group>"; };
		E37B77D426254C6A00DBA851 /* MovieDetailViewController.swift */ = {isa = PBXFileReference; lastKnownFileType = sourcecode.swift; path = MovieDetailViewController.swift; sourceTree = "<group>"; };
		E37B77D526254C6A00DBA851 /* MovieDetailViewController.xib */ = {isa = PBXFileReference; lastKnownFileType = file.xib; path = MovieDetailViewController.xib; sourceTree = "<group>"; };
		E37B77DC26254F9600DBA851 /* ImageBackgroundTableViewCell.swift */ = {isa = PBXFileReference; lastKnownFileType = sourcecode.swift; path = ImageBackgroundTableViewCell.swift; sourceTree = "<group>"; };
		E37B77DD26254F9600DBA851 /* ImageBackgroundTableViewCell.xib */ = {isa = PBXFileReference; lastKnownFileType = file.xib; path = ImageBackgroundTableViewCell.xib; sourceTree = "<group>"; };
		E37B77E22625515500DBA851 /* InfoTableViewCell.swift */ = {isa = PBXFileReference; lastKnownFileType = sourcecode.swift; path = InfoTableViewCell.swift; sourceTree = "<group>"; };
		E37B77E32625515500DBA851 /* InfoTableViewCell.xib */ = {isa = PBXFileReference; lastKnownFileType = file.xib; path = InfoTableViewCell.xib; sourceTree = "<group>"; };
		E37D7CD0261AB66B00E433BB /* BannerViewTableCell.swift */ = {isa = PBXFileReference; fileEncoding = 4; lastKnownFileType = sourcecode.swift; path = BannerViewTableCell.swift; sourceTree = "<group>"; };
		E37D7CD8261AB68500E433BB /* GenreViewCell.swift */ = {isa = PBXFileReference; fileEncoding = 4; lastKnownFileType = sourcecode.swift; path = GenreViewCell.swift; sourceTree = "<group>"; };
		E37D7CDB261AB68E00E433BB /* HighlightViewCell.swift */ = {isa = PBXFileReference; fileEncoding = 4; lastKnownFileType = sourcecode.swift; path = HighlightViewCell.swift; sourceTree = "<group>"; };
		E37D7CDC261AB68E00E433BB /* HighlighTableViewCell.swift */ = {isa = PBXFileReference; fileEncoding = 4; lastKnownFileType = sourcecode.swift; path = HighlighTableViewCell.swift; sourceTree = "<group>"; };
		E37D7CE2261AB6E200E433BB /* Arvo-Bold.ttf */ = {isa = PBXFileReference; lastKnownFileType = file; name = "Arvo-Bold.ttf"; path = "../../Font/Arvo-Bold.ttf"; sourceTree = "<group>"; };
		E37D7CE3261AB6E200E433BB /* Arvo-Regular.ttf */ = {isa = PBXFileReference; lastKnownFileType = file; name = "Arvo-Regular.ttf"; path = "../../Font/Arvo-Regular.ttf"; sourceTree = "<group>"; };
		E37D7CE4261AB6E200E433BB /* Arvo-Italic.ttf */ = {isa = PBXFileReference; lastKnownFileType = file; name = "Arvo-Italic.ttf"; path = "../../Font/Arvo-Italic.ttf"; sourceTree = "<group>"; };
		E37D7CE5261AB6E200E433BB /* Arvo-BoldItalic.ttf */ = {isa = PBXFileReference; lastKnownFileType = file; name = "Arvo-BoldItalic.ttf"; path = "../../Font/Arvo-BoldItalic.ttf"; sourceTree = "<group>"; };
		E37D7CF1261ABB7900E433BB /* AppDetailViewController.swift */ = {isa = PBXFileReference; lastKnownFileType = sourcecode.swift; path = AppDetailViewController.swift; sourceTree = "<group>"; };
		E37D7CF8261ACADB00E433BB /* Cell++.swift */ = {isa = PBXFileReference; lastKnownFileType = sourcecode.swift; path = "Cell++.swift"; sourceTree = "<group>"; };
		E37D7CFB261ACC8400E433BB /* CellModel.swift */ = {isa = PBXFileReference; fileEncoding = 4; lastKnownFileType = sourcecode.swift; path = CellModel.swift; sourceTree = "<group>"; };
		E38797E92626DBC100B78B6B /* ActionMovieViewController.xib */ = {isa = PBXFileReference; fileEncoding = 4; lastKnownFileType = file.xib; path = ActionMovieViewController.xib; sourceTree = "<group>"; };
		E38797EA2626DBC100B78B6B /* ActionMovieViewController.swift */ = {isa = PBXFileReference; fileEncoding = 4; lastKnownFileType = sourcecode.swift; path = ActionMovieViewController.swift; sourceTree = "<group>"; };
		E38797EE2626DD0700B78B6B /* AllMovieViewController.swift */ = {isa = PBXFileReference; fileEncoding = 4; lastKnownFileType = sourcecode.swift; path = AllMovieViewController.swift; sourceTree = "<group>"; };
		E38797EF2626DD0700B78B6B /* AllMovieViewController.xib */ = {isa = PBXFileReference; fileEncoding = 4; lastKnownFileType = file.xib; path = AllMovieViewController.xib; sourceTree = "<group>"; };
		E38797F32626DD1500B78B6B /* MovieViewController.xib */ = {isa = PBXFileReference; fileEncoding = 4; lastKnownFileType = file.xib; path = MovieViewController.xib; sourceTree = "<group>"; };
		E38797F72626DD2900B78B6B /* MovieViewController.swift */ = {isa = PBXFileReference; fileEncoding = 4; lastKnownFileType = sourcecode.swift; path = MovieViewController.swift; sourceTree = "<group>"; };
		E38797FB2626DE4300B78B6B /* ListMovieTableViewCell.xib */ = {isa = PBXFileReference; fileEncoding = 4; lastKnownFileType = file.xib; path = ListMovieTableViewCell.xib; sourceTree = "<group>"; };
		E38797FC2626DE4300B78B6B /* ListMovieTableViewCell.swift */ = {isa = PBXFileReference; fileEncoding = 4; lastKnownFileType = sourcecode.swift; path = ListMovieTableViewCell.swift; sourceTree = "<group>"; };
		E3E70F0726144C9200271013 /* iOS-Play.app */ = {isa = PBXFileReference; explicitFileType = wrapper.application; includeInIndex = 0; path = "iOS-Play.app"; sourceTree = BUILT_PRODUCTS_DIR; };
		E3E70F0A26144C9200271013 /* AppDelegate.swift */ = {isa = PBXFileReference; lastKnownFileType = sourcecode.swift; path = AppDelegate.swift; sourceTree = "<group>"; };
		E3E70F0C26144C9200271013 /* SceneDelegate.swift */ = {isa = PBXFileReference; lastKnownFileType = sourcecode.swift; path = SceneDelegate.swift; sourceTree = "<group>"; };
		E3E70F1126144C9200271013 /* Base */ = {isa = PBXFileReference; lastKnownFileType = file.storyboard; name = Base; path = Base.lproj/Main.storyboard; sourceTree = "<group>"; };
		E3E70F1326144C9400271013 /* Assets.xcassets */ = {isa = PBXFileReference; lastKnownFileType = folder.assetcatalog; path = Assets.xcassets; sourceTree = "<group>"; };
		E3E70F1626144C9400271013 /* Base */ = {isa = PBXFileReference; lastKnownFileType = file.storyboard; name = Base; path = Base.lproj/LaunchScreen.storyboard; sourceTree = "<group>"; };
		E3E70F1826144C9400271013 /* Info.plist */ = {isa = PBXFileReference; lastKnownFileType = text.plist.xml; path = Info.plist; sourceTree = "<group>"; };
		E3E70F2226144DAB00271013 /* MainTabBarViewController.swift */ = {isa = PBXFileReference; lastKnownFileType = sourcecode.swift; path = MainTabBarViewController.swift; sourceTree = "<group>"; };
		E3E70F2B26144EE800271013 /* AppViewController.swift */ = {isa = PBXFileReference; lastKnownFileType = sourcecode.swift; path = AppViewController.swift; sourceTree = "<group>"; };
		E3E70F42261457BE00271013 /* BaseNavigationController.swift */ = {isa = PBXFileReference; lastKnownFileType = sourcecode.swift; path = BaseNavigationController.swift; sourceTree = "<group>"; };
		E3E70F4D26146A2B00271013 /* TabBarItems.swift */ = {isa = PBXFileReference; lastKnownFileType = sourcecode.swift; path = TabBarItems.swift; sourceTree = "<group>"; };
		E3EEB8D2261EF1950030413C /* DetailCellModel.swift */ = {isa = PBXFileReference; lastKnownFileType = sourcecode.swift; path = DetailCellModel.swift; sourceTree = "<group>"; };
		E3EEB8D5261F02060030413C /* DescriptionTableViewCell.swift */ = {isa = PBXFileReference; lastKnownFileType = sourcecode.swift; path = DescriptionTableViewCell.swift; sourceTree = "<group>"; };
		E3EF567E261DB6A0008971C6 /* URLString .swift */ = {isa = PBXFileReference; fileEncoding = 4; lastKnownFileType = sourcecode.swift; path = "URLString .swift"; sourceTree = "<group>"; };
		E3EF567F261DB6A0008971C6 /* Feed.swift */ = {isa = PBXFileReference; fileEncoding = 4; lastKnownFileType = sourcecode.swift; path = Feed.swift; sourceTree = "<group>"; };
		E3EF5683261DB6A8008971C6 /* APIManager.swift */ = {isa = PBXFileReference; fileEncoding = 4; lastKnownFileType = sourcecode.swift; path = APIManager.swift; sourceTree = "<group>"; };
		E3FE8B17262028E400816EB7 /* DescriptionCollectionViewCell.swift */ = {isa = PBXFileReference; lastKnownFileType = sourcecode.swift; path = DescriptionCollectionViewCell.swift; sourceTree = "<group>"; };
		E3FE8B18262028E500816EB7 /* DescriptionCollectionViewCell.xib */ = {isa = PBXFileReference; lastKnownFileType = file.xib; path = DescriptionCollectionViewCell.xib; sourceTree = "<group>"; };
		E3FE8B1D26202E7900816EB7 /* CommentTableCell.swift */ = {isa = PBXFileReference; lastKnownFileType = sourcecode.swift; path = CommentTableCell.swift; sourceTree = "<group>"; };
		E3FE8B1E26202E7900816EB7 /* CommentTableCell.xib */ = {isa = PBXFileReference; lastKnownFileType = file.xib; path = CommentTableCell.xib; sourceTree = "<group>"; };
		E3FE8B23262031F300816EB7 /* OverViewTableViewCell.swift */ = {isa = PBXFileReference; lastKnownFileType = sourcecode.swift; path = OverViewTableViewCell.swift; sourceTree = "<group>"; };
		E3FE8B24262031F300816EB7 /* OverViewTableViewCell.xib */ = {isa = PBXFileReference; lastKnownFileType = file.xib; path = OverViewTableViewCell.xib; sourceTree = "<group>"; };
		E3FE8B282620375900816EB7 /* DownloadTableViewCell.swift */ = {isa = PBXFileReference; lastKnownFileType = sourcecode.swift; path = DownloadTableViewCell.swift; sourceTree = "<group>"; };
		E3FE8B292620375900816EB7 /* DownloadTableViewCell.xib */ = {isa = PBXFileReference; lastKnownFileType = file.xib; path = DownloadTableViewCell.xib; sourceTree = "<group>"; };
		E3FE8B30262047A700816EB7 /* AppDetailViewController.xib */ = {isa = PBXFileReference; lastKnownFileType = file.xib; path = AppDetailViewController.xib; sourceTree = "<group>"; };
		E3FE8B4826204E9100816EB7 /* DescriptionTableViewCell.xib */ = {isa = PBXFileReference; lastKnownFileType = file.xib; path = DescriptionTableViewCell.xib; sourceTree = "<group>"; };
		E3FE8B55262075E900816EB7 /* UIview++.swift */ = {isa = PBXFileReference; lastKnownFileType = sourcecode.swift; path = "UIview++.swift"; sourceTree = "<group>"; };
		E3FE8B592620791900816EB7 /* CollectionViewCell.swift */ = {isa = PBXFileReference; lastKnownFileType = sourcecode.swift; path = CollectionViewCell.swift; sourceTree = "<group>"; };
		E3FE8B5A2620791900816EB7 /* CollectionViewCell.xib */ = {isa = PBXFileReference; lastKnownFileType = file.xib; path = CollectionViewCell.xib; sourceTree = "<group>"; };
		E3FE8B6226207D5500816EB7 /* CollectionTableViewCell.swift */ = {isa = PBXFileReference; lastKnownFileType = sourcecode.swift; path = CollectionTableViewCell.swift; sourceTree = "<group>"; };
		E3FE8B6326207D5500816EB7 /* CollectionTableViewCell.xib */ = {isa = PBXFileReference; lastKnownFileType = file.xib; path = CollectionTableViewCell.xib; sourceTree = "<group>"; };
/* End PBXFileReference section */

/* Begin PBXFrameworksBuildPhase section */
		E3E70F0426144C9200271013 /* Frameworks */ = {
			isa = PBXFrameworksBuildPhase;
			buildActionMask = 2147483647;
			files = (
				E3E70F55261473FE00271013 /* Then in Frameworks */,
				D34DB91D7CA4B380288D7CF2 /* Pods_iOS_Play.framework in Frameworks */,
				E38ABAEE2618136800B118AD /* Reusable in Frameworks */,
			);
			runOnlyForDeploymentPostprocessing = 0;
		};
/* End PBXFrameworksBuildPhase section */

/* Begin PBXGroup section */
		445C5381B7AA2A799ACA52F0 /* Pods */ = {
			isa = PBXGroup;
			children = (
				60EEE4E73FE46C278F760426 /* Pods-iOS-Play.debug.xcconfig */,
				8B6E124329B5C756D42E4291 /* Pods-iOS-Play.release.xcconfig */,
			);
			path = Pods;
			sourceTree = "<group>";
		};
		989677EDC5324EA305A608BA /* Frameworks */ = {
			isa = PBXGroup;
			children = (
				95FB2CAB69FF583436CAA23A /* Pods_iOS_Play.framework */,
			);
			name = Frameworks;
			sourceTree = "<group>";
		};
		E332273D2615663200DA11BE /* Help */ = {
			isa = PBXGroup;
			children = (
				E37D7CF8261ACADB00E433BB /* Cell++.swift */,
				E3FE8B55262075E900816EB7 /* UIview++.swift */,
				E3725B722624A2EF00770119 /* UIImageView++.swift */,
			);
			path = Help;
			sourceTree = "<group>";
		};
		E33227422615805A00DA11BE /* LoginViewController */ = {
			isa = PBXGroup;
			children = (
				E332274F2615824800DA11BE /* LoginViewController.swift */,
			);
			path = LoginViewController;
			sourceTree = "<group>";
		};
		E332B5772628282B0029CE71 /* Top TV Episodes */ = {
			isa = PBXGroup;
			children = (
				E332B57A262828500029CE71 /* TopTVEpisodesViewController.swift */,
				E332B579262828500029CE71 /* TopTVEpisodesViewController.xib */,
			);
			path = "Top TV Episodes";
			sourceTree = "<group>";
		};
		E332B578262828380029CE71 /* Top TV Seasons */ = {
			isa = PBXGroup;
			children = (
				E332B585262828850029CE71 /* TopTVSeasonsViewController.swift */,
				E332B584262828850029CE71 /* TopTVSeasonsViewController.xib */,
			);
			path = "Top TV Seasons";
			sourceTree = "<group>";
		};
		E332B58A262829F00029CE71 /* AppleTV View */ = {
			isa = PBXGroup;
			children = (
				E332B58B26282A170029CE71 /* AppleTVTableViewCell.swift */,
				E332B58C26282A170029CE71 /* AppleTVTableViewCell.xib */,
				E332B59126282A360029CE71 /* AppleTVCollectionViewCell.swift */,
				E332B59226282A360029CE71 /* AppleTVCollectionViewCell.xib */,
			);
			path = "AppleTV View";
			sourceTree = "<group>";
		};
		E353057D261B13940077AB04 /* Font */ = {
			isa = PBXGroup;
			children = (
				E37D7CE2261AB6E200E433BB /* Arvo-Bold.ttf */,
				E37D7CE5261AB6E200E433BB /* Arvo-BoldItalic.ttf */,
				E37D7CE4261AB6E200E433BB /* Arvo-Italic.ttf */,
				E37D7CE3261AB6E200E433BB /* Arvo-Regular.ttf */,
			);
			path = Font;
			sourceTree = "<group>";
		};
		E35CAE252628118B008DF5CA /* TopPaid */ = {
			isa = PBXGroup;
			children = (
				E35CAE2C262811A7008DF5CA /* TopPaidViewController.swift */,
				E35CAE2D262811A7008DF5CA /* TopPaidViewController.xib */,
			);
			path = TopPaid;
			sourceTree = "<group>";
		};
		E35CAE2626281192008DF5CA /* TopFree */ = {
			isa = PBXGroup;
			children = (
				E35CAE272628119F008DF5CA /* TopFreeViewController.swift */,
				E35CAE282628119F008DF5CA /* TopFreeViewController.xib */,
			);
			path = TopFree;
			sourceTree = "<group>";
		};
		E36791082623F0940062EAC7 /* Top App */ = {
			isa = PBXGroup;
			children = (
				E36791102623F1AD0062EAC7 /* TopAppViewController.swift */,
				E36791112623F1AD0062EAC7 /* TopAppViewController.xib */,
			);
			path = "Top App";
			sourceTree = "<group>";
		};
		E36791152623F1F10062EAC7 /* Ranking */ = {
			isa = PBXGroup;
			children = (
				E36791172623F2170062EAC7 /* RankTableViewCell.swift */,
				E36791162623F2170062EAC7 /* RankTableViewCell.xib */,
			);
			path = Ranking;
			sourceTree = "<group>";
		};
		E3725B3126242C5000770119 /* SegmentCollection */ = {
			isa = PBXGroup;
			children = (
				E3725B3A26242C8F00770119 /* SegmentCollectionViewCell.swift */,
				E3725B3926242C8F00770119 /* SegmentCollectionViewCell.xib */,
			);
			path = SegmentCollection;
			sourceTree = "<group>";
		};
		E3725B3226242C5C00770119 /* HotTrackViewController */ = {
			isa = PBXGroup;
			children = (
				E3725B65262436BE00770119 /* HotTrackViewController.swift */,
				E3725B66262436BE00770119 /* HotTrackViewController.xib */,
			);
			path = HotTrackViewController;
			sourceTree = "<group>";
		};
		E3725B3E26242CBC00770119 /* RankMusicViewController */ = {
			isa = PBXGroup;
			children = (
				E3725B3F26242CFD00770119 /* RankMusicViewController.swift */,
				E3725B4026242CFD00770119 /* RankMusicViewController.xib */,
			);
			path = RankMusicViewController;
			sourceTree = "<group>";
		};
		E3725B502624362000770119 /* Feature */ = {
			isa = PBXGroup;
			children = (
				E3725B532624362F00770119 /* FeatureCollectionViewCell.swift */,
				E3725B512624362F00770119 /* FeatureCollectionViewCell.xib */,
				E3725B522624362F00770119 /* FeatureTableViewCell.swift */,
				E3725B542624362F00770119 /* FeatureTableViewCell.xib */,
			);
			path = Feature;
			sourceTree = "<group>";
		};
		E3725B5A2624364000770119 /* MusicCollectionView */ = {
			isa = PBXGroup;
			children = (
				E3725B5B2624365100770119 /* HotTrackTableViewCell.swift */,
				E3725B5D2624365200770119 /* HotTrackTableViewCell.xib */,
				E3725B5C2624365100770119 /* MusicCollectionViewCell.swift */,
				E3725B5E2624365200770119 /* MusicCollectionViewCell.xib */,
			);
			path = MusicCollectionView;
			sourceTree = "<group>";
		};
		E3725B6F26248CF400770119 /* MusicDetailViewController */ = {
			isa = PBXGroup;
			children = (
			);
			path = MusicDetailViewController;
			sourceTree = "<group>";
		};
		E379630C2615ADDC00CBF147 /* SwiftGen */ = {
			isa = PBXGroup;
			children = (
				E353057D261B13940077AB04 /* Font */,
				E379630E2615AE2800CBF147 /* Assets.swift */,
				E379630D2615AE2800CBF147 /* Strings.swift */,
				E3530578261B0A450077AB04 /* Fonts.swift */,
			);
			path = SwiftGen;
			sourceTree = "<group>";
		};
		E37B77D326254C4900DBA851 /* MovieDetail VC */ = {
			isa = PBXGroup;
			children = (
				E37B77D426254C6A00DBA851 /* MovieDetailViewController.swift */,
				E37B77D526254C6A00DBA851 /* MovieDetailViewController.xib */,
			);
			path = "MovieDetail VC";
			sourceTree = "<group>";
		};
		E37B77DA26254F6400DBA851 /* imageBackground */ = {
			isa = PBXGroup;
			children = (
				E37B77DC26254F9600DBA851 /* ImageBackgroundTableViewCell.swift */,
				E37B77DD26254F9600DBA851 /* ImageBackgroundTableViewCell.xib */,
			);
			path = imageBackground;
			sourceTree = "<group>";
		};
		E37B77DB26254F7300DBA851 /* InfoCell  */ = {
			isa = PBXGroup;
			children = (
				E37B77E22625515500DBA851 /* InfoTableViewCell.swift */,
				E37B77E32625515500DBA851 /* InfoTableViewCell.xib */,
			);
			path = "InfoCell ";
			sourceTree = "<group>";
		};
		E37D7CBD261AB5D400E433BB /* ViewModel */ = {
			isa = PBXGroup;
			children = (
				E332B58A262829F00029CE71 /* AppleTV View */,
				E37D7CCB261AB62A00E433BB /* Genre */,
				E37D7CCD261AB63C00E433BB /* AppCollection */,
				E37D7CCF261AB64D00E433BB /* HighlightCollection */,
				E37D7CCE261AB64800E433BB /* Banner */,
				E36791152623F1F10062EAC7 /* Ranking */,
				E3725B502624362000770119 /* Feature */,
				E3725B5A2624364000770119 /* MusicCollectionView */,
				E38797FA2626DE3300B78B6B /* ListMovie */,
				E3EEB8CC261EED580030413C /* DetailCellModel */,
			);
			path = ViewModel;
			sourceTree = "<group>";
		};
		E37D7CCB261AB62A00E433BB /* Genre */ = {
			isa = PBXGroup;
			children = (
				E37D7CD8261AB68500E433BB /* GenreViewCell.swift */,
			);
			path = Genre;
			sourceTree = "<group>";
		};
		E37D7CCD261AB63C00E433BB /* AppCollection */ = {
			isa = PBXGroup;
			children = (
				E3FE8B6226207D5500816EB7 /* CollectionTableViewCell.swift */,
				E3FE8B6326207D5500816EB7 /* CollectionTableViewCell.xib */,
				E3FE8B592620791900816EB7 /* CollectionViewCell.swift */,
				E3FE8B5A2620791900816EB7 /* CollectionViewCell.xib */,
			);
			path = AppCollection;
			sourceTree = "<group>";
		};
		E37D7CCE261AB64800E433BB /* Banner */ = {
			isa = PBXGroup;
			children = (
				E37D7CD0261AB66B00E433BB /* BannerViewTableCell.swift */,
			);
			path = Banner;
			sourceTree = "<group>";
		};
		E37D7CCF261AB64D00E433BB /* HighlightCollection */ = {
			isa = PBXGroup;
			children = (
				E37D7CDC261AB68E00E433BB /* HighlighTableViewCell.swift */,
				E37D7CDB261AB68E00E433BB /* HighlightViewCell.swift */,
			);
			path = HighlightCollection;
			sourceTree = "<group>";
		};
		E38797E72626D94E00B78B6B /* Action & Adventure */ = {
			isa = PBXGroup;
			children = (
				E38797EA2626DBC100B78B6B /* ActionMovieViewController.swift */,
				E38797E92626DBC100B78B6B /* ActionMovieViewController.xib */,
			);
			path = "Action & Adventure";
			sourceTree = "<group>";
		};
		E38797E82626DB4700B78B6B /* AllMovie VC */ = {
			isa = PBXGroup;
			children = (
				E38797EE2626DD0700B78B6B /* AllMovieViewController.swift */,
				E38797EF2626DD0700B78B6B /* AllMovieViewController.xib */,
			);
			path = "AllMovie VC";
			sourceTree = "<group>";
		};
		E38797FA2626DE3300B78B6B /* ListMovie */ = {
			isa = PBXGroup;
			children = (
				E38797FC2626DE4300B78B6B /* ListMovieTableViewCell.swift */,
				E38797FB2626DE4300B78B6B /* ListMovieTableViewCell.xib */,
			);
			path = ListMovie;
			sourceTree = "<group>";
		};
		E3E70EFE26144C9200271013 = {
			isa = PBXGroup;
			children = (
				E37963062615AC7700CBF147 /* Podfile */,
				E379630B2615AD3400CBF147 /* swiftgen.yml */,
				E3E70F0926144C9200271013 /* iOS-Play */,
				E3E70F0826144C9200271013 /* Products */,
				445C5381B7AA2A799ACA52F0 /* Pods */,
				989677EDC5324EA305A608BA /* Frameworks */,
			);
			sourceTree = "<group>";
		};
		E3E70F0826144C9200271013 /* Products */ = {
			isa = PBXGroup;
			children = (
				E3E70F0726144C9200271013 /* iOS-Play.app */,
			);
			name = Products;
			sourceTree = "<group>";
		};
		E3E70F0926144C9200271013 /* iOS-Play */ = {
			isa = PBXGroup;
			children = (
				E332273D2615663200DA11BE /* Help */,
				E3E70F0A26144C9200271013 /* AppDelegate.swift */,
				E3E70F0C26144C9200271013 /* SceneDelegate.swift */,
				E3E70F2026144D4500271013 /* View */,
				E3E70F1F26144D3800271013 /* Model */,
				E3E70F2126144D5300271013 /* Controller */,
				E379630C2615ADDC00CBF147 /* SwiftGen */,
				E3E70F1326144C9400271013 /* Assets.xcassets */,
				E3E70F1826144C9400271013 /* Info.plist */,
			);
			path = "iOS-Play";
			sourceTree = "<group>";
		};
		E3E70F1F26144D3800271013 /* Model */ = {
			isa = PBXGroup;
			children = (
				E37D7CFB261ACC8400E433BB /* CellModel.swift */,
				E3EEB8D2261EF1950030413C /* DetailCellModel.swift */,
				E3EF5683261DB6A8008971C6 /* APIManager.swift */,
				E3EF567F261DB6A0008971C6 /* Feed.swift */,
				E36E6830261704710040F922 /* FeedTypeEnum.swift */,
				E3EF567E261DB6A0008971C6 /* URLString .swift */,
				E3530574261AFDD10077AB04 /* DataMock.swift */,
			);
			path = Model;
			sourceTree = "<group>";
		};
		E3E70F2026144D4500271013 /* View */ = {
			isa = PBXGroup;
			children = (
				E3E70F1026144C9200271013 /* Main.storyboard */,
				E3E70F1526144C9400271013 /* LaunchScreen.storyboard */,
				E37963122615AE5F00CBF147 /* Localizable.strings */,
			);
			path = View;
			sourceTree = "<group>";
		};
		E3E70F2126144D5300271013 /* Controller */ = {
			isa = PBXGroup;
			children = (
				E37D7CBD261AB5D400E433BB /* ViewModel */,
				E33227422615805A00DA11BE /* LoginViewController */,
				E3E70F41261457A900271013 /* BaseNavigationController */,
				E3E70F2526144E4200271013 /* Tabar Controller */,
				E3E70F2626144E5000271013 /* AppViewController */,
				E3E70F2726144E6C00271013 /* MusicViewController */,
				E3E70F2826144E7A00271013 /* MovieViewController */,
				E3E70F2926144E8900271013 /* BookViewController */,
				E3E70F2A26144E9C00271013 /* TVShowViewController */,
			);
			path = Controller;
			sourceTree = "<group>";
		};
		E3E70F2526144E4200271013 /* Tabar Controller */ = {
			isa = PBXGroup;
			children = (
				E3E70F2226144DAB00271013 /* MainTabBarViewController.swift */,
				E3E70F4D26146A2B00271013 /* TabBarItems.swift */,
				E36E6831261704710040F922 /* SegmentCollectionCell.swift */,
			);
			path = "Tabar Controller";
			sourceTree = "<group>";
		};
		E3E70F2626144E5000271013 /* AppViewController */ = {
			isa = PBXGroup;
			children = (
				E3E70F2B26144EE800271013 /* AppViewController.swift */,
				E36E6836261704890040F922 /* NewGameViewController.swift */,
				E36791082623F0940062EAC7 /* Top App */,
				E3EEB8CB261EECE00030413C /* DetailViewController */,
			);
			path = AppViewController;
			sourceTree = "<group>";
		};
		E3E70F2726144E6C00271013 /* MusicViewController */ = {
			isa = PBXGroup;
			children = (
				E3725B3426242C8000770119 /* MusicViewController.swift */,
				E3725B3526242C8000770119 /* MusicViewController.xib */,
				E3725B3126242C5000770119 /* SegmentCollection */,
				E3725B3226242C5C00770119 /* HotTrackViewController */,
				E3725B3E26242CBC00770119 /* RankMusicViewController */,
				E3725B6F26248CF400770119 /* MusicDetailViewController */,
			);
			path = MusicViewController;
			sourceTree = "<group>";
		};
		E3E70F2826144E7A00271013 /* MovieViewController */ = {
			isa = PBXGroup;
			children = (
				E38797F72626DD2900B78B6B /* MovieViewController.swift */,
				E38797F32626DD1500B78B6B /* MovieViewController.xib */,
				E38797E72626D94E00B78B6B /* Action & Adventure */,
				E38797E82626DB4700B78B6B /* AllMovie VC */,
				E37B77D326254C4900DBA851 /* MovieDetail VC */,
			);
			path = MovieViewController;
			sourceTree = "<group>";
		};
		E3E70F2926144E8900271013 /* BookViewController */ = {
			isa = PBXGroup;
			children = (
				E35CAE2026281188008DF5CA /* BookViewController.swift */,
				E35CAE2126281188008DF5CA /* BookViewController.xib */,
				E35CAE2626281192008DF5CA /* TopFree */,
				E35CAE252628118B008DF5CA /* TopPaid */,
			);
			path = BookViewController;
			sourceTree = "<group>";
		};
		E3E70F2A26144E9C00271013 /* TVShowViewController */ = {
			isa = PBXGroup;
			children = (
				E332B57E2628285A0029CE71 /* TVShowViewController.swift */,
				E332B57F2628285A0029CE71 /* TVShowViewController.xib */,
				E332B5772628282B0029CE71 /* Top TV Episodes */,
				E332B578262828380029CE71 /* Top TV Seasons */,
			);
			path = TVShowViewController;
			sourceTree = "<group>";
		};
		E3E70F41261457A900271013 /* BaseNavigationController */ = {
			isa = PBXGroup;
			children = (
				E3E70F42261457BE00271013 /* BaseNavigationController.swift */,
			);
			path = BaseNavigationController;
			sourceTree = "<group>";
		};
		E3EEB8CB261EECE00030413C /* DetailViewController */ = {
			isa = PBXGroup;
			children = (
				E37D7CF1261ABB7900E433BB /* AppDetailViewController.swift */,
				E3FE8B30262047A700816EB7 /* AppDetailViewController.xib */,
			);
			path = DetailViewController;
			sourceTree = "<group>";
		};
		E3EEB8CC261EED580030413C /* DetailCellModel */ = {
			isa = PBXGroup;
			children = (
				E37B77DB26254F7300DBA851 /* InfoCell  */,
				E37B77DA26254F6400DBA851 /* imageBackground */,
				E3EEB8CD261EEE760030413C /* OverView */,
				E3EEB8CE261EEE820030413C /* DescriptionCollection */,
				E3EEB8DB261F6E1E0030413C /* DownloadView */,
				E3EEB8E0261FF23F0030413C /* TableView */,
			);
			path = DetailCellModel;
			sourceTree = "<group>";
		};
		E3EEB8CD261EEE760030413C /* OverView */ = {
			isa = PBXGroup;
			children = (
				E3FE8B23262031F300816EB7 /* OverViewTableViewCell.swift */,
				E3FE8B24262031F300816EB7 /* OverViewTableViewCell.xib */,
			);
			path = OverView;
			sourceTree = "<group>";
		};
		E3EEB8CE261EEE820030413C /* DescriptionCollection */ = {
			isa = PBXGroup;
			children = (
				E3EEB8D5261F02060030413C /* DescriptionTableViewCell.swift */,
				E3FE8B4826204E9100816EB7 /* DescriptionTableViewCell.xib */,
				E3FE8B17262028E400816EB7 /* DescriptionCollectionViewCell.swift */,
				E3FE8B18262028E500816EB7 /* DescriptionCollectionViewCell.xib */,
			);
			path = DescriptionCollection;
			sourceTree = "<group>";
		};
		E3EEB8DB261F6E1E0030413C /* DownloadView */ = {
			isa = PBXGroup;
			children = (
				E3FE8B282620375900816EB7 /* DownloadTableViewCell.swift */,
				E3FE8B292620375900816EB7 /* DownloadTableViewCell.xib */,
			);
			path = DownloadView;
			sourceTree = "<group>";
		};
		E3EEB8E0261FF23F0030413C /* TableView */ = {
			isa = PBXGroup;
			children = (
				E3FE8B1D26202E7900816EB7 /* CommentTableCell.swift */,
				E3FE8B1E26202E7900816EB7 /* CommentTableCell.xib */,
			);
			name = TableView;
			sourceTree = "<group>";
		};
/* End PBXGroup section */

/* Begin PBXNativeTarget section */
		E3E70F0626144C9200271013 /* iOS-Play */ = {
			isa = PBXNativeTarget;
			buildConfigurationList = E3E70F1B26144C9400271013 /* Build configuration list for PBXNativeTarget "iOS-Play" */;
			buildPhases = (
				F59195AD65680113906DE23A /* [CP] Check Pods Manifest.lock */,
				E3E70F0326144C9200271013 /* Sources */,
				E3E70F0426144C9200271013 /* Frameworks */,
				E3E70F0526144C9200271013 /* Resources */,
				42D86DCF97D6144E73575196 /* [CP] Embed Pods Frameworks */,
			);
			buildRules = (
			);
			dependencies = (
			);
			name = "iOS-Play";
			packageProductDependencies = (
				E3E70F54261473FE00271013 /* Then */,
				E38ABAED2618136800B118AD /* Reusable */,
			);
			productName = "iOS-Play";
			productReference = E3E70F0726144C9200271013 /* iOS-Play.app */;
			productType = "com.apple.product-type.application";
		};
/* End PBXNativeTarget section */

/* Begin PBXProject section */
		E3E70EFF26144C9200271013 /* Project object */ = {
			isa = PBXProject;
			attributes = {
				LastSwiftUpdateCheck = 1240;
				LastUpgradeCheck = 1240;
				TargetAttributes = {
					E3E70F0626144C9200271013 = {
						CreatedOnToolsVersion = 12.4;
					};
				};
			};
			buildConfigurationList = E3E70F0226144C9200271013 /* Build configuration list for PBXProject "iOS-Play" */;
			compatibilityVersion = "Xcode 9.3";
			developmentRegion = en;
			hasScannedForEncodings = 0;
			knownRegions = (
				en,
				Base,
			);
			mainGroup = E3E70EFE26144C9200271013;
			packageReferences = (
				E3E70F53261473FE00271013 /* XCRemoteSwiftPackageReference "Then" */,
				E38ABAEC2618136800B118AD /* XCRemoteSwiftPackageReference "Reusable" */,
			);
			productRefGroup = E3E70F0826144C9200271013 /* Products */;
			projectDirPath = "";
			projectRoot = "";
			targets = (
				E3E70F0626144C9200271013 /* iOS-Play */,
			);
		};
/* End PBXProject section */

/* Begin PBXResourcesBuildPhase section */
		E3E70F0526144C9200271013 /* Resources */ = {
			isa = PBXResourcesBuildPhase;
			buildActionMask = 2147483647;
			files = (
				E332B58E26282A170029CE71 /* AppleTVTableViewCell.xib in Resources */,
				E3725B3B26242C8F00770119 /* SegmentCollectionViewCell.xib in Resources */,
				E3FE8B1A262028E500816EB7 /* DescriptionCollectionViewCell.xib in Resources */,
				E37B77D726254C6A00DBA851 /* MovieDetailViewController.xib in Resources */,
				E38797EB2626DBC100B78B6B /* ActionMovieViewController.xib in Resources */,
				E3725B4226242CFD00770119 /* RankMusicViewController.xib in Resources */,
				E36791182623F2170062EAC7 /* RankTableViewCell.xib in Resources */,
				E38797FD2626DE4300B78B6B /* ListMovieTableViewCell.xib in Resources */,
				E3725B622624365200770119 /* MusicCollectionViewCell.xib in Resources */,
				E38797F42626DD1600B78B6B /* MovieViewController.xib in Resources */,
				E3E70F1726144C9400271013 /* LaunchScreen.storyboard in Resources */,
				E37963142615AE5F00CBF147 /* Localizable.strings in Resources */,
				E36791132623F1AD0062EAC7 /* TopAppViewController.xib in Resources */,
				E3FE8B26262031F300816EB7 /* OverViewTableViewCell.xib in Resources */,
				E3FE8B32262047A700816EB7 /* AppDetailViewController.xib in Resources */,
				E3725B3726242C8000770119 /* MusicViewController.xib in Resources */,
				E38797F12626DD0700B78B6B /* AllMovieViewController.xib in Resources */,
				E3FE8B6526207D5500816EB7 /* CollectionTableViewCell.xib in Resources */,
				E3725B552624362F00770119 /* FeatureCollectionViewCell.xib in Resources */,
				E35CAE2F262811A7008DF5CA /* TopPaidViewController.xib in Resources */,
				E332B586262828850029CE71 /* TopTVSeasonsViewController.xib in Resources */,
				E3E70F1226144C9200271013 /* Main.storyboard in Resources */,
				E37B77DF26254F9600DBA851 /* ImageBackgroundTableViewCell.xib in Resources */,
				E3725B68262436BE00770119 /* HotTrackViewController.xib in Resources */,
				E3FE8B2B2620375900816EB7 /* DownloadTableViewCell.xib in Resources */,
				E3E70F1426144C9400271013 /* Assets.xcassets in Resources */,
				E37D7CE8261AB6E200E433BB /* Arvo-Regular.ttf in Resources */,
				E3725B582624362F00770119 /* FeatureTableViewCell.xib in Resources */,
				E35CAE2326281188008DF5CA /* BookViewController.xib in Resources */,
				E3FE8B4A26204E9100816EB7 /* DescriptionTableViewCell.xib in Resources */,
				E3FE8B2026202E7900816EB7 /* CommentTableCell.xib in Resources */,
				E332B5812628285A0029CE71 /* TVShowViewController.xib in Resources */,
				E332B59426282A360029CE71 /* AppleTVCollectionViewCell.xib in Resources */,
				E37B77E52625515500DBA851 /* InfoTableViewCell.xib in Resources */,
				E35CAE2A2628119F008DF5CA /* TopFreeViewController.xib in Resources */,
				E37D7CEA261AB6E200E433BB /* Arvo-BoldItalic.ttf in Resources */,
				E3FE8B5C2620791900816EB7 /* CollectionViewCell.xib in Resources */,
				E332B57B262828500029CE71 /* TopTVEpisodesViewController.xib in Resources */,
				E37D7CE9261AB6E200E433BB /* Arvo-Italic.ttf in Resources */,
				E3725B612624365200770119 /* HotTrackTableViewCell.xib in Resources */,
				E37D7CE7261AB6E200E433BB /* Arvo-Bold.ttf in Resources */,
			);
			runOnlyForDeploymentPostprocessing = 0;
		};
/* End PBXResourcesBuildPhase section */

/* Begin PBXShellScriptBuildPhase section */
		42D86DCF97D6144E73575196 /* [CP] Embed Pods Frameworks */ = {
			isa = PBXShellScriptBuildPhase;
			buildActionMask = 2147483647;
			files = (
			);
			inputFileListPaths = (
				"${PODS_ROOT}/Target Support Files/Pods-iOS-Play/Pods-iOS-Play-frameworks-${CONFIGURATION}-input-files.xcfilelist",
			);
			name = "[CP] Embed Pods Frameworks";
			outputFileListPaths = (
				"${PODS_ROOT}/Target Support Files/Pods-iOS-Play/Pods-iOS-Play-frameworks-${CONFIGURATION}-output-files.xcfilelist",
			);
			runOnlyForDeploymentPostprocessing = 0;
			shellPath = /bin/sh;
			shellScript = "\"${PODS_ROOT}/Target Support Files/Pods-iOS-Play/Pods-iOS-Play-frameworks.sh\"\n";
			showEnvVarsInLog = 0;
		};
		F59195AD65680113906DE23A /* [CP] Check Pods Manifest.lock */ = {
			isa = PBXShellScriptBuildPhase;
			buildActionMask = 2147483647;
			files = (
			);
			inputFileListPaths = (
			);
			inputPaths = (
				"${PODS_PODFILE_DIR_PATH}/Podfile.lock",
				"${PODS_ROOT}/Manifest.lock",
			);
			name = "[CP] Check Pods Manifest.lock";
			outputFileListPaths = (
			);
			outputPaths = (
				"$(DERIVED_FILE_DIR)/Pods-iOS-Play-checkManifestLockResult.txt",
			);
			runOnlyForDeploymentPostprocessing = 0;
			shellPath = /bin/sh;
			shellScript = "diff \"${PODS_PODFILE_DIR_PATH}/Podfile.lock\" \"${PODS_ROOT}/Manifest.lock\" > /dev/null\nif [ $? != 0 ] ; then\n    # print error to STDERR\n    echo \"error: The sandbox is not in sync with the Podfile.lock. Run 'pod install' or update your CocoaPods installation.\" >&2\n    exit 1\nfi\n# This output is used by Xcode 'outputs' to avoid re-running this script phase.\necho \"SUCCESS\" > \"${SCRIPT_OUTPUT_FILE_0}\"\n";
			showEnvVarsInLog = 0;
		};
/* End PBXShellScriptBuildPhase section */

/* Begin PBXSourcesBuildPhase section */
		E3E70F0326144C9200271013 /* Sources */ = {
			isa = PBXSourcesBuildPhase;
			buildActionMask = 2147483647;
			files = (
				E3FE8B6426207D5500816EB7 /* CollectionTableViewCell.swift in Sources */,
				E3FE8B25262031F300816EB7 /* OverViewTableViewCell.swift in Sources */,
				E3725B562624362F00770119 /* FeatureTableViewCell.swift in Sources */,
				E3EF5680261DB6A0008971C6 /* URLString .swift in Sources */,
				E3EF5681261DB6A0008971C6 /* Feed.swift in Sources */,
				E3EEB8D6261F02060030413C /* DescriptionTableViewCell.swift in Sources */,
				E37D7CF9261ACADB00E433BB /* Cell++.swift in Sources */,
				E36E6832261704710040F922 /* FeedTypeEnum.swift in Sources */,
				E33227502615824800DA11BE /* LoginViewController.swift in Sources */,
				E3725B572624362F00770119 /* FeatureCollectionViewCell.swift in Sources */,
				E3725B67262436BE00770119 /* HotTrackViewController.swift in Sources */,
				E37B77E42625515500DBA851 /* InfoTableViewCell.swift in Sources */,
				E35CAE292628119F008DF5CA /* TopFreeViewController.swift in Sources */,
				E3725B3626242C8000770119 /* MusicViewController.swift in Sources */,
				E332B5802628285A0029CE71 /* TVShowViewController.swift in Sources */,
				E3E70F4E26146A2B00271013 /* TabBarItems.swift in Sources */,
				E3E70F2C26144EE800271013 /* AppViewController.swift in Sources */,
				E37B77DE26254F9600DBA851 /* ImageBackgroundTableViewCell.swift in Sources */,
				E3E70F43261457BE00271013 /* BaseNavigationController.swift in Sources */,
				E3725B732624A2EF00770119 /* UIImageView++.swift in Sources */,
				E3530579261B0A450077AB04 /* Fonts.swift in Sources */,
				E38797FE2626DE4300B78B6B /* ListMovieTableViewCell.swift in Sources */,
				E3FE8B56262075E900816EB7 /* UIview++.swift in Sources */,
				E3FE8B2A2620375900816EB7 /* DownloadTableViewCell.swift in Sources */,
				E37D7CDE261AB68E00E433BB /* HighlighTableViewCell.swift in Sources */,
				E35CAE2E262811A7008DF5CA /* TopPaidViewController.swift in Sources */,
				E3EEB8D3261EF1950030413C /* DetailCellModel.swift in Sources */,
				E3FE8B19262028E500816EB7 /* DescriptionCollectionViewCell.swift in Sources */,
				E37D7CD9261AB68500E433BB /* GenreViewCell.swift in Sources */,
				E3725B3C26242C8F00770119 /* SegmentCollectionViewCell.swift in Sources */,
				E36E6833261704710040F922 /* SegmentCollectionCell.swift in Sources */,
				E3530575261AFDD10077AB04 /* DataMock.swift in Sources */,
				E37D7CFC261ACC8500E433BB /* CellModel.swift in Sources */,
				E36E6838261704890040F922 /* NewGameViewController.swift in Sources */,
				E3725B5F2624365200770119 /* HotTrackTableViewCell.swift in Sources */,
				E37D7CF2261ABB7900E433BB /* AppDetailViewController.swift in Sources */,
				E3E70F2326144DAB00271013 /* MainTabBarViewController.swift in Sources */,
				E38797EC2626DBC100B78B6B /* ActionMovieViewController.swift in Sources */,
				E35CAE2226281188008DF5CA /* BookViewController.swift in Sources */,
				E38797F02626DD0700B78B6B /* AllMovieViewController.swift in Sources */,
				E332B58D26282A170029CE71 /* AppleTVTableViewCell.swift in Sources */,
				E37D7CDD261AB68E00E433BB /* HighlightViewCell.swift in Sources */,
				E332B587262828850029CE71 /* TopTVSeasonsViewController.swift in Sources */,
				E3FE8B5B2620791900816EB7 /* CollectionViewCell.swift in Sources */,
				E36791122623F1AD0062EAC7 /* TopAppViewController.swift in Sources */,
				E379630F2615AE2800CBF147 /* Strings.swift in Sources */,
				E38797F82626DD2900B78B6B /* MovieViewController.swift in Sources */,
				E3FE8B1F26202E7900816EB7 /* CommentTableCell.swift in Sources */,
				E332B59326282A360029CE71 /* AppleTVCollectionViewCell.swift in Sources */,
				E37963102615AE2800CBF147 /* Assets.swift in Sources */,
				E37B77D626254C6A00DBA851 /* MovieDetailViewController.swift in Sources */,
				E37D7CD1261AB66B00E433BB /* BannerViewTableCell.swift in Sources */,
				E3E70F0B26144C9200271013 /* AppDelegate.swift in Sources */,
				E3725B4126242CFD00770119 /* RankMusicViewController.swift in Sources */,
				E3E70F0D26144C9200271013 /* SceneDelegate.swift in Sources */,
				E3EF5684261DB6A8008971C6 /* APIManager.swift in Sources */,
				E332B57C262828500029CE71 /* TopTVEpisodesViewController.swift in Sources */,
				E36791192623F2170062EAC7 /* RankTableViewCell.swift in Sources */,
				E3725B602624365200770119 /* MusicCollectionViewCell.swift in Sources */,
			);
			runOnlyForDeploymentPostprocessing = 0;
		};
/* End PBXSourcesBuildPhase section */

/* Begin PBXVariantGroup section */
		E37963122615AE5F00CBF147 /* Localizable.strings */ = {
			isa = PBXVariantGroup;
			children = (
				E37963132615AE5F00CBF147 /* Base */,
			);
			name = Localizable.strings;
			sourceTree = "<group>";
		};
		E3E70F1026144C9200271013 /* Main.storyboard */ = {
			isa = PBXVariantGroup;
			children = (
				E3E70F1126144C9200271013 /* Base */,
			);
			name = Main.storyboard;
			sourceTree = "<group>";
		};
		E3E70F1526144C9400271013 /* LaunchScreen.storyboard */ = {
			isa = PBXVariantGroup;
			children = (
				E3E70F1626144C9400271013 /* Base */,
			);
			name = LaunchScreen.storyboard;
			sourceTree = "<group>";
		};
/* End PBXVariantGroup section */

/* Begin XCBuildConfiguration section */
		E3E70F1926144C9400271013 /* Debug */ = {
			isa = XCBuildConfiguration;
			buildSettings = {
				ALWAYS_SEARCH_USER_PATHS = NO;
				CLANG_ANALYZER_NONNULL = YES;
				CLANG_ANALYZER_NUMBER_OBJECT_CONVERSION = YES_AGGRESSIVE;
				CLANG_CXX_LANGUAGE_STANDARD = "gnu++14";
				CLANG_CXX_LIBRARY = "libc++";
				CLANG_ENABLE_MODULES = YES;
				CLANG_ENABLE_OBJC_ARC = YES;
				CLANG_ENABLE_OBJC_WEAK = YES;
				CLANG_WARN_BLOCK_CAPTURE_AUTORELEASING = YES;
				CLANG_WARN_BOOL_CONVERSION = YES;
				CLANG_WARN_COMMA = YES;
				CLANG_WARN_CONSTANT_CONVERSION = YES;
				CLANG_WARN_DEPRECATED_OBJC_IMPLEMENTATIONS = YES;
				CLANG_WARN_DIRECT_OBJC_ISA_USAGE = YES_ERROR;
				CLANG_WARN_DOCUMENTATION_COMMENTS = YES;
				CLANG_WARN_EMPTY_BODY = YES;
				CLANG_WARN_ENUM_CONVERSION = YES;
				CLANG_WARN_INFINITE_RECURSION = YES;
				CLANG_WARN_INT_CONVERSION = YES;
				CLANG_WARN_NON_LITERAL_NULL_CONVERSION = YES;
				CLANG_WARN_OBJC_IMPLICIT_RETAIN_SELF = YES;
				CLANG_WARN_OBJC_LITERAL_CONVERSION = YES;
				CLANG_WARN_OBJC_ROOT_CLASS = YES_ERROR;
				CLANG_WARN_QUOTED_INCLUDE_IN_FRAMEWORK_HEADER = YES;
				CLANG_WARN_RANGE_LOOP_ANALYSIS = YES;
				CLANG_WARN_STRICT_PROTOTYPES = YES;
				CLANG_WARN_SUSPICIOUS_MOVE = YES;
				CLANG_WARN_UNGUARDED_AVAILABILITY = YES_AGGRESSIVE;
				CLANG_WARN_UNREACHABLE_CODE = YES;
				CLANG_WARN__DUPLICATE_METHOD_MATCH = YES;
				COPY_PHASE_STRIP = NO;
				DEBUG_INFORMATION_FORMAT = dwarf;
				ENABLE_STRICT_OBJC_MSGSEND = YES;
				ENABLE_TESTABILITY = YES;
				GCC_C_LANGUAGE_STANDARD = gnu11;
				GCC_DYNAMIC_NO_PIC = NO;
				GCC_NO_COMMON_BLOCKS = YES;
				GCC_OPTIMIZATION_LEVEL = 0;
				GCC_PREPROCESSOR_DEFINITIONS = (
					"DEBUG=1",
					"$(inherited)",
				);
				GCC_WARN_64_TO_32_BIT_CONVERSION = YES;
				GCC_WARN_ABOUT_RETURN_TYPE = YES_ERROR;
				GCC_WARN_UNDECLARED_SELECTOR = YES;
				GCC_WARN_UNINITIALIZED_AUTOS = YES_AGGRESSIVE;
				GCC_WARN_UNUSED_FUNCTION = YES;
				GCC_WARN_UNUSED_VARIABLE = YES;
				IPHONEOS_DEPLOYMENT_TARGET = 14.4;
				MTL_ENABLE_DEBUG_INFO = INCLUDE_SOURCE;
				MTL_FAST_MATH = YES;
				ONLY_ACTIVE_ARCH = YES;
				SDKROOT = iphoneos;
				SWIFT_ACTIVE_COMPILATION_CONDITIONS = DEBUG;
				SWIFT_OPTIMIZATION_LEVEL = "-Onone";
			};
			name = Debug;
		};
		E3E70F1A26144C9400271013 /* Release */ = {
			isa = XCBuildConfiguration;
			buildSettings = {
				ALWAYS_SEARCH_USER_PATHS = NO;
				CLANG_ANALYZER_NONNULL = YES;
				CLANG_ANALYZER_NUMBER_OBJECT_CONVERSION = YES_AGGRESSIVE;
				CLANG_CXX_LANGUAGE_STANDARD = "gnu++14";
				CLANG_CXX_LIBRARY = "libc++";
				CLANG_ENABLE_MODULES = YES;
				CLANG_ENABLE_OBJC_ARC = YES;
				CLANG_ENABLE_OBJC_WEAK = YES;
				CLANG_WARN_BLOCK_CAPTURE_AUTORELEASING = YES;
				CLANG_WARN_BOOL_CONVERSION = YES;
				CLANG_WARN_COMMA = YES;
				CLANG_WARN_CONSTANT_CONVERSION = YES;
				CLANG_WARN_DEPRECATED_OBJC_IMPLEMENTATIONS = YES;
				CLANG_WARN_DIRECT_OBJC_ISA_USAGE = YES_ERROR;
				CLANG_WARN_DOCUMENTATION_COMMENTS = YES;
				CLANG_WARN_EMPTY_BODY = YES;
				CLANG_WARN_ENUM_CONVERSION = YES;
				CLANG_WARN_INFINITE_RECURSION = YES;
				CLANG_WARN_INT_CONVERSION = YES;
				CLANG_WARN_NON_LITERAL_NULL_CONVERSION = YES;
				CLANG_WARN_OBJC_IMPLICIT_RETAIN_SELF = YES;
				CLANG_WARN_OBJC_LITERAL_CONVERSION = YES;
				CLANG_WARN_OBJC_ROOT_CLASS = YES_ERROR;
				CLANG_WARN_QUOTED_INCLUDE_IN_FRAMEWORK_HEADER = YES;
				CLANG_WARN_RANGE_LOOP_ANALYSIS = YES;
				CLANG_WARN_STRICT_PROTOTYPES = YES;
				CLANG_WARN_SUSPICIOUS_MOVE = YES;
				CLANG_WARN_UNGUARDED_AVAILABILITY = YES_AGGRESSIVE;
				CLANG_WARN_UNREACHABLE_CODE = YES;
				CLANG_WARN__DUPLICATE_METHOD_MATCH = YES;
				COPY_PHASE_STRIP = NO;
				DEBUG_INFORMATION_FORMAT = "dwarf-with-dsym";
				ENABLE_NS_ASSERTIONS = NO;
				ENABLE_STRICT_OBJC_MSGSEND = YES;
				GCC_C_LANGUAGE_STANDARD = gnu11;
				GCC_NO_COMMON_BLOCKS = YES;
				GCC_WARN_64_TO_32_BIT_CONVERSION = YES;
				GCC_WARN_ABOUT_RETURN_TYPE = YES_ERROR;
				GCC_WARN_UNDECLARED_SELECTOR = YES;
				GCC_WARN_UNINITIALIZED_AUTOS = YES_AGGRESSIVE;
				GCC_WARN_UNUSED_FUNCTION = YES;
				GCC_WARN_UNUSED_VARIABLE = YES;
				IPHONEOS_DEPLOYMENT_TARGET = 14.4;
				MTL_ENABLE_DEBUG_INFO = NO;
				MTL_FAST_MATH = YES;
				SDKROOT = iphoneos;
				SWIFT_COMPILATION_MODE = wholemodule;
				SWIFT_OPTIMIZATION_LEVEL = "-O";
				VALIDATE_PRODUCT = YES;
			};
			name = Release;
		};
		E3E70F1C26144C9400271013 /* Debug */ = {
			isa = XCBuildConfiguration;
			baseConfigurationReference = 60EEE4E73FE46C278F760426 /* Pods-iOS-Play.debug.xcconfig */;
			buildSettings = {
				ASSETCATALOG_COMPILER_APPICON_NAME = AppIcon;
				ASSETCATALOG_COMPILER_GLOBAL_ACCENT_COLOR_NAME = AccentColor;
				CODE_SIGN_STYLE = Automatic;
				INFOPLIST_FILE = "iOS-Play/Info.plist";
				LD_RUNPATH_SEARCH_PATHS = (
					"$(inherited)",
					"@executable_path/Frameworks",
				);
				PRODUCT_BUNDLE_IDENTIFIER = "com.Login.iOS-Play";
				PRODUCT_NAME = "$(TARGET_NAME)";
				SWIFT_VERSION = 5.0;
				TARGETED_DEVICE_FAMILY = "1,2";
			};
			name = Debug;
		};
		E3E70F1D26144C9400271013 /* Release */ = {
			isa = XCBuildConfiguration;
			baseConfigurationReference = 8B6E124329B5C756D42E4291 /* Pods-iOS-Play.release.xcconfig */;
			buildSettings = {
				ASSETCATALOG_COMPILER_APPICON_NAME = AppIcon;
				ASSETCATALOG_COMPILER_GLOBAL_ACCENT_COLOR_NAME = AccentColor;
				CODE_SIGN_STYLE = Automatic;
				INFOPLIST_FILE = "iOS-Play/Info.plist";
				LD_RUNPATH_SEARCH_PATHS = (
					"$(inherited)",
					"@executable_path/Frameworks",
				);
				PRODUCT_BUNDLE_IDENTIFIER = "com.Login.iOS-Play";
				PRODUCT_NAME = "$(TARGET_NAME)";
				SWIFT_VERSION = 5.0;
				TARGETED_DEVICE_FAMILY = "1,2";
			};
			name = Release;
		};
/* End XCBuildConfiguration section */

/* Begin XCConfigurationList section */
		E3E70F0226144C9200271013 /* Build configuration list for PBXProject "iOS-Play" */ = {
			isa = XCConfigurationList;
			buildConfigurations = (
				E3E70F1926144C9400271013 /* Debug */,
				E3E70F1A26144C9400271013 /* Release */,
			);
			defaultConfigurationIsVisible = 0;
			defaultConfigurationName = Release;
		};
		E3E70F1B26144C9400271013 /* Build configuration list for PBXNativeTarget "iOS-Play" */ = {
			isa = XCConfigurationList;
			buildConfigurations = (
				E3E70F1C26144C9400271013 /* Debug */,
				E3E70F1D26144C9400271013 /* Release */,
			);
			defaultConfigurationIsVisible = 0;
			defaultConfigurationName = Release;
		};
/* End XCConfigurationList section */

/* Begin XCRemoteSwiftPackageReference section */
		E38ABAEC2618136800B118AD /* XCRemoteSwiftPackageReference "Reusable" */ = {
			isa = XCRemoteSwiftPackageReference;
			repositoryURL = "https://github.com/AliSoftware/Reusable";
			requirement = {
				kind = upToNextMajorVersion;
				minimumVersion = 4.1.1;
			};
		};
		E3E70F53261473FE00271013 /* XCRemoteSwiftPackageReference "Then" */ = {
			isa = XCRemoteSwiftPackageReference;
			repositoryURL = "https://github.com/devxoul/Then";
			requirement = {
				kind = upToNextMajorVersion;
				minimumVersion = 2.7.0;
			};
		};
/* End XCRemoteSwiftPackageReference section */

/* Begin XCSwiftPackageProductDependency section */
		E38ABAED2618136800B118AD /* Reusable */ = {
			isa = XCSwiftPackageProductDependency;
			package = E38ABAEC2618136800B118AD /* XCRemoteSwiftPackageReference "Reusable" */;
			productName = Reusable;
		};
		E3E70F54261473FE00271013 /* Then */ = {
			isa = XCSwiftPackageProductDependency;
			package = E3E70F53261473FE00271013 /* XCRemoteSwiftPackageReference "Then" */;
			productName = Then;
		};
/* End XCSwiftPackageProductDependency section */
	};
	rootObject = E3E70EFF26144C9200271013 /* Project object */;
}
