// !$*UTF8*$!
{
	archiveVersion = 1;
	classes = {
	};
	objectVersion = 52;
	objects = {

/* Begin PBXBuildFile section */
		D34DB91D7CA4B380288D7CF2 /* Pods_iOS_Play.framework in Frameworks */ = {isa = PBXBuildFile; fileRef = 95FB2CAB69FF583436CAA23A /* Pods_iOS_Play.framework */; };
		E33227502615824800DA11BE /* LoginViewController.swift in Sources */ = {isa = PBXBuildFile; fileRef = E332274F2615824800DA11BE /* LoginViewController.swift */; };
		E3530575261AFDD10077AB04 /* DataMock.swift in Sources */ = {isa = PBXBuildFile; fileRef = E3530574261AFDD10077AB04 /* DataMock.swift */; };
		E3530579261B0A450077AB04 /* Fonts.swift in Sources */ = {isa = PBXBuildFile; fileRef = E3530578261B0A450077AB04 /* Fonts.swift */; };
		E36E6832261704710040F922 /* FeedTypeEnum.swift in Sources */ = {isa = PBXBuildFile; fileRef = E36E6830261704710040F922 /* FeedTypeEnum.swift */; };
		E36E6833261704710040F922 /* SegmentCollectionCell.swift in Sources */ = {isa = PBXBuildFile; fileRef = E36E6831261704710040F922 /* SegmentCollectionCell.swift */; };
		E36E6837261704890040F922 /* TopAppViewController.swift in Sources */ = {isa = PBXBuildFile; fileRef = E36E6835261704890040F922 /* TopAppViewController.swift */; };
		E36E6838261704890040F922 /* NewGameViewController.swift in Sources */ = {isa = PBXBuildFile; fileRef = E36E6836261704890040F922 /* NewGameViewController.swift */; };
		E379630F2615AE2800CBF147 /* Strings.swift in Sources */ = {isa = PBXBuildFile; fileRef = E379630D2615AE2800CBF147 /* Strings.swift */; };
		E37963102615AE2800CBF147 /* Assets.swift in Sources */ = {isa = PBXBuildFile; fileRef = E379630E2615AE2800CBF147 /* Assets.swift */; };
		E37963142615AE5F00CBF147 /* Localizable.strings in Resources */ = {isa = PBXBuildFile; fileRef = E37963122615AE5F00CBF147 /* Localizable.strings */; };
		E37D7CD1261AB66B00E433BB /* BannerViewTableCell.swift in Sources */ = {isa = PBXBuildFile; fileRef = E37D7CD0261AB66B00E433BB /* BannerViewTableCell.swift */; };
		E37D7CD5261AB67500E433BB /* CollectionTableViewCell.swift in Sources */ = {isa = PBXBuildFile; fileRef = E37D7CD3261AB67500E433BB /* CollectionTableViewCell.swift */; };
		E37D7CD6261AB67500E433BB /* CollectionViewCell.swift in Sources */ = {isa = PBXBuildFile; fileRef = E37D7CD4261AB67500E433BB /* CollectionViewCell.swift */; };
		E37D7CD9261AB68500E433BB /* GenreViewCell.swift in Sources */ = {isa = PBXBuildFile; fileRef = E37D7CD8261AB68500E433BB /* GenreViewCell.swift */; };
		E37D7CDD261AB68E00E433BB /* HighlightViewCell.swift in Sources */ = {isa = PBXBuildFile; fileRef = E37D7CDB261AB68E00E433BB /* HighlightViewCell.swift */; };
		E37D7CDE261AB68E00E433BB /* HighlighTableViewCell.swift in Sources */ = {isa = PBXBuildFile; fileRef = E37D7CDC261AB68E00E433BB /* HighlighTableViewCell.swift */; };
		E37D7CE7261AB6E200E433BB /* Arvo-Bold.ttf in Resources */ = {isa = PBXBuildFile; fileRef = E37D7CE2261AB6E200E433BB /* Arvo-Bold.ttf */; };
		E37D7CE8261AB6E200E433BB /* Arvo-Regular.ttf in Resources */ = {isa = PBXBuildFile; fileRef = E37D7CE3261AB6E200E433BB /* Arvo-Regular.ttf */; };
		E37D7CE9261AB6E200E433BB /* Arvo-Italic.ttf in Resources */ = {isa = PBXBuildFile; fileRef = E37D7CE4261AB6E200E433BB /* Arvo-Italic.ttf */; };
		E37D7CEA261AB6E200E433BB /* Arvo-BoldItalic.ttf in Resources */ = {isa = PBXBuildFile; fileRef = E37D7CE5261AB6E200E433BB /* Arvo-BoldItalic.ttf */; };
		E37D7CF2261ABB7900E433BB /* DetailAppViewController.swift in Sources */ = {isa = PBXBuildFile; fileRef = E37D7CF1261ABB7900E433BB /* DetailAppViewController.swift */; };
		E37D7CF9261ACADB00E433BB /* Cell++.swift in Sources */ = {isa = PBXBuildFile; fileRef = E37D7CF8261ACADB00E433BB /* Cell++.swift */; };
		E37D7CFC261ACC8500E433BB /* CellModel.swift in Sources */ = {isa = PBXBuildFile; fileRef = E37D7CFB261ACC8400E433BB /* CellModel.swift */; };
		E38ABAEE2618136800B118AD /* Reusable in Frameworks */ = {isa = PBXBuildFile; productRef = E38ABAED2618136800B118AD /* Reusable */; };
		E3E70F0B26144C9200271013 /* AppDelegate.swift in Sources */ = {isa = PBXBuildFile; fileRef = E3E70F0A26144C9200271013 /* AppDelegate.swift */; };
		E3E70F0D26144C9200271013 /* SceneDelegate.swift in Sources */ = {isa = PBXBuildFile; fileRef = E3E70F0C26144C9200271013 /* SceneDelegate.swift */; };
		E3E70F1226144C9200271013 /* Main.storyboard in Resources */ = {isa = PBXBuildFile; fileRef = E3E70F1026144C9200271013 /* Main.storyboard */; };
		E3E70F1426144C9400271013 /* Assets.xcassets in Resources */ = {isa = PBXBuildFile; fileRef = E3E70F1326144C9400271013 /* Assets.xcassets */; };
		E3E70F1726144C9400271013 /* LaunchScreen.storyboard in Resources */ = {isa = PBXBuildFile; fileRef = E3E70F1526144C9400271013 /* LaunchScreen.storyboard */; };
		E3E70F2326144DAB00271013 /* MainTabBarViewController.swift in Sources */ = {isa = PBXBuildFile; fileRef = E3E70F2226144DAB00271013 /* MainTabBarViewController.swift */; };
		E3E70F2C26144EE800271013 /* AppViewController.swift in Sources */ = {isa = PBXBuildFile; fileRef = E3E70F2B26144EE800271013 /* AppViewController.swift */; };
		E3E70F2F26144F4100271013 /* MusicViewController.swift in Sources */ = {isa = PBXBuildFile; fileRef = E3E70F2E26144F4100271013 /* MusicViewController.swift */; };
		E3E70F3326144F5400271013 /* MovieViewController.swift in Sources */ = {isa = PBXBuildFile; fileRef = E3E70F3226144F5400271013 /* MovieViewController.swift */; };
		E3E70F3726144F6000271013 /* BookViewController.swift in Sources */ = {isa = PBXBuildFile; fileRef = E3E70F3626144F6000271013 /* BookViewController.swift */; };
		E3E70F3A26144F6900271013 /* TVShowViewController.swift in Sources */ = {isa = PBXBuildFile; fileRef = E3E70F3926144F6900271013 /* TVShowViewController.swift */; };
		E3E70F43261457BE00271013 /* BaseNavigationController.swift in Sources */ = {isa = PBXBuildFile; fileRef = E3E70F42261457BE00271013 /* BaseNavigationController.swift */; };
		E3E70F4E26146A2B00271013 /* TabBarItems.swift in Sources */ = {isa = PBXBuildFile; fileRef = E3E70F4D26146A2B00271013 /* TabBarItems.swift */; };
		E3E70F55261473FE00271013 /* Then in Frameworks */ = {isa = PBXBuildFile; productRef = E3E70F54261473FE00271013 /* Then */; };
/* End PBXBuildFile section */

/* Begin PBXFileReference section */
		60EEE4E73FE46C278F760426 /* Pods-iOS-Play.debug.xcconfig */ = {isa = PBXFileReference; includeInIndex = 1; lastKnownFileType = text.xcconfig; name = "Pods-iOS-Play.debug.xcconfig"; path = "Target Support Files/Pods-iOS-Play/Pods-iOS-Play.debug.xcconfig"; sourceTree = "<group>"; };
		8B6E124329B5C756D42E4291 /* Pods-iOS-Play.release.xcconfig */ = {isa = PBXFileReference; includeInIndex = 1; lastKnownFileType = text.xcconfig; name = "Pods-iOS-Play.release.xcconfig"; path = "Target Support Files/Pods-iOS-Play/Pods-iOS-Play.release.xcconfig"; sourceTree = "<group>"; };
		95FB2CAB69FF583436CAA23A /* Pods_iOS_Play.framework */ = {isa = PBXFileReference; explicitFileType = wrapper.framework; includeInIndex = 0; path = Pods_iOS_Play.framework; sourceTree = BUILT_PRODUCTS_DIR; };
		E332274F2615824800DA11BE /* LoginViewController.swift */ = {isa = PBXFileReference; lastKnownFileType = sourcecode.swift; path = LoginViewController.swift; sourceTree = "<group>"; };
		E3530574261AFDD10077AB04 /* DataMock.swift */ = {isa = PBXFileReference; lastKnownFileType = sourcecode.swift; path = DataMock.swift; sourceTree = "<group>"; };
		E3530578261B0A450077AB04 /* Fonts.swift */ = {isa = PBXFileReference; lastKnownFileType = sourcecode.swift; path = Fonts.swift; sourceTree = "<group>"; };
		E36E6830261704710040F922 /* FeedTypeEnum.swift */ = {isa = PBXFileReference; fileEncoding = 4; lastKnownFileType = sourcecode.swift; path = FeedTypeEnum.swift; sourceTree = "<group>"; };
		E36E6831261704710040F922 /* SegmentCollectionCell.swift */ = {isa = PBXFileReference; fileEncoding = 4; lastKnownFileType = sourcecode.swift; path = SegmentCollectionCell.swift; sourceTree = "<group>"; };
		E36E6835261704890040F922 /* TopAppViewController.swift */ = {isa = PBXFileReference; fileEncoding = 4; lastKnownFileType = sourcecode.swift; path = TopAppViewController.swift; sourceTree = "<group>"; };
		E36E6836261704890040F922 /* NewGameViewController.swift */ = {isa = PBXFileReference; fileEncoding = 4; lastKnownFileType = sourcecode.swift; path = NewGameViewController.swift; sourceTree = "<group>"; };
		E37963062615AC7700CBF147 /* Podfile */ = {isa = PBXFileReference; lastKnownFileType = text; path = Podfile; sourceTree = "<group>"; xcLanguageSpecificationIdentifier = xcode.lang.ruby; };
		E379630B2615AD3400CBF147 /* swiftgen.yml */ = {isa = PBXFileReference; lastKnownFileType = text.yaml; path = swiftgen.yml; sourceTree = "<group>"; };
		E379630D2615AE2800CBF147 /* Strings.swift */ = {isa = PBXFileReference; fileEncoding = 4; lastKnownFileType = sourcecode.swift; path = Strings.swift; sourceTree = "<group>"; };
		E379630E2615AE2800CBF147 /* Assets.swift */ = {isa = PBXFileReference; fileEncoding = 4; lastKnownFileType = sourcecode.swift; path = Assets.swift; sourceTree = "<group>"; };
		E37963132615AE5F00CBF147 /* Base */ = {isa = PBXFileReference; lastKnownFileType = text.plist.strings; name = Base; path = Base.lproj/Localizable.strings; sourceTree = "<group>"; };
		E37D7CD0261AB66B00E433BB /* BannerViewTableCell.swift */ = {isa = PBXFileReference; fileEncoding = 4; lastKnownFileType = sourcecode.swift; path = BannerViewTableCell.swift; sourceTree = "<group>"; };
		E37D7CD3261AB67500E433BB /* CollectionTableViewCell.swift */ = {isa = PBXFileReference; fileEncoding = 4; lastKnownFileType = sourcecode.swift; path = CollectionTableViewCell.swift; sourceTree = "<group>"; };
		E37D7CD4261AB67500E433BB /* CollectionViewCell.swift */ = {isa = PBXFileReference; fileEncoding = 4; lastKnownFileType = sourcecode.swift; path = CollectionViewCell.swift; sourceTree = "<group>"; };
		E37D7CD8261AB68500E433BB /* GenreViewCell.swift */ = {isa = PBXFileReference; fileEncoding = 4; lastKnownFileType = sourcecode.swift; path = GenreViewCell.swift; sourceTree = "<group>"; };
		E37D7CDB261AB68E00E433BB /* HighlightViewCell.swift */ = {isa = PBXFileReference; fileEncoding = 4; lastKnownFileType = sourcecode.swift; path = HighlightViewCell.swift; sourceTree = "<group>"; };
		E37D7CDC261AB68E00E433BB /* HighlighTableViewCell.swift */ = {isa = PBXFileReference; fileEncoding = 4; lastKnownFileType = sourcecode.swift; path = HighlighTableViewCell.swift; sourceTree = "<group>"; };
		E37D7CE2261AB6E200E433BB /* Arvo-Bold.ttf */ = {isa = PBXFileReference; lastKnownFileType = file; name = "Arvo-Bold.ttf"; path = "../../Font/Arvo-Bold.ttf"; sourceTree = "<group>"; };
		E37D7CE3261AB6E200E433BB /* Arvo-Regular.ttf */ = {isa = PBXFileReference; lastKnownFileType = file; name = "Arvo-Regular.ttf"; path = "../../Font/Arvo-Regular.ttf"; sourceTree = "<group>"; };
		E37D7CE4261AB6E200E433BB /* Arvo-Italic.ttf */ = {isa = PBXFileReference; lastKnownFileType = file; name = "Arvo-Italic.ttf"; path = "../../Font/Arvo-Italic.ttf"; sourceTree = "<group>"; };
		E37D7CE5261AB6E200E433BB /* Arvo-BoldItalic.ttf */ = {isa = PBXFileReference; lastKnownFileType = file; name = "Arvo-BoldItalic.ttf"; path = "../../Font/Arvo-BoldItalic.ttf"; sourceTree = "<group>"; };
		E37D7CF1261ABB7900E433BB /* DetailAppViewController.swift */ = {isa = PBXFileReference; lastKnownFileType = sourcecode.swift; path = DetailAppViewController.swift; sourceTree = "<group>"; };
		E37D7CF8261ACADB00E433BB /* Cell++.swift */ = {isa = PBXFileReference; lastKnownFileType = sourcecode.swift; path = "Cell++.swift"; sourceTree = "<group>"; };
		E37D7CFB261ACC8400E433BB /* CellModel.swift */ = {isa = PBXFileReference; fileEncoding = 4; lastKnownFileType = sourcecode.swift; path = CellModel.swift; sourceTree = "<group>"; };
		E3E70F0726144C9200271013 /* iOS-Play.app */ = {isa = PBXFileReference; explicitFileType = wrapper.application; includeInIndex = 0; path = "iOS-Play.app"; sourceTree = BUILT_PRODUCTS_DIR; };
		E3E70F0A26144C9200271013 /* AppDelegate.swift */ = {isa = PBXFileReference; lastKnownFileType = sourcecode.swift; path = AppDelegate.swift; sourceTree = "<group>"; };
		E3E70F0C26144C9200271013 /* SceneDelegate.swift */ = {isa = PBXFileReference; lastKnownFileType = sourcecode.swift; path = SceneDelegate.swift; sourceTree = "<group>"; };
		E3E70F1126144C9200271013 /* Base */ = {isa = PBXFileReference; lastKnownFileType = file.storyboard; name = Base; path = Base.lproj/Main.storyboard; sourceTree = "<group>"; };
		E3E70F1326144C9400271013 /* Assets.xcassets */ = {isa = PBXFileReference; lastKnownFileType = folder.assetcatalog; path = Assets.xcassets; sourceTree = "<group>"; };
		E3E70F1626144C9400271013 /* Base */ = {isa = PBXFileReference; lastKnownFileType = file.storyboard; name = Base; path = Base.lproj/LaunchScreen.storyboard; sourceTree = "<group>"; };
		E3E70F1826144C9400271013 /* Info.plist */ = {isa = PBXFileReference; lastKnownFileType = text.plist.xml; path = Info.plist; sourceTree = "<group>"; };
		E3E70F2226144DAB00271013 /* MainTabBarViewController.swift */ = {isa = PBXFileReference; lastKnownFileType = sourcecode.swift; path = MainTabBarViewController.swift; sourceTree = "<group>"; };
		E3E70F2B26144EE800271013 /* AppViewController.swift */ = {isa = PBXFileReference; lastKnownFileType = sourcecode.swift; path = AppViewController.swift; sourceTree = "<group>"; };
		E3E70F2E26144F4100271013 /* MusicViewController.swift */ = {isa = PBXFileReference; lastKnownFileType = sourcecode.swift; path = MusicViewController.swift; sourceTree = "<group>"; };
		E3E70F3226144F5400271013 /* MovieViewController.swift */ = {isa = PBXFileReference; lastKnownFileType = sourcecode.swift; path = MovieViewController.swift; sourceTree = "<group>"; };
		E3E70F3626144F6000271013 /* BookViewController.swift */ = {isa = PBXFileReference; lastKnownFileType = sourcecode.swift; path = BookViewController.swift; sourceTree = "<group>"; };
		E3E70F3926144F6900271013 /* TVShowViewController.swift */ = {isa = PBXFileReference; lastKnownFileType = sourcecode.swift; path = TVShowViewController.swift; sourceTree = "<group>"; };
		E3E70F42261457BE00271013 /* BaseNavigationController.swift */ = {isa = PBXFileReference; lastKnownFileType = sourcecode.swift; path = BaseNavigationController.swift; sourceTree = "<group>"; };
		E3E70F4D26146A2B00271013 /* TabBarItems.swift */ = {isa = PBXFileReference; lastKnownFileType = sourcecode.swift; path = TabBarItems.swift; sourceTree = "<group>"; };
/* End PBXFileReference section */

/* Begin PBXFrameworksBuildPhase section */
		E3E70F0426144C9200271013 /* Frameworks */ = {
			isa = PBXFrameworksBuildPhase;
			buildActionMask = 2147483647;
			files = (
				E3E70F55261473FE00271013 /* Then in Frameworks */,
				D34DB91D7CA4B380288D7CF2 /* Pods_iOS_Play.framework in Frameworks */,
				E38ABAEE2618136800B118AD /* Reusable in Frameworks */,
			);
			runOnlyForDeploymentPostprocessing = 0;
		};
/* End PBXFrameworksBuildPhase section */

/* Begin PBXGroup section */
		445C5381B7AA2A799ACA52F0 /* Pods */ = {
			isa = PBXGroup;
			children = (
				60EEE4E73FE46C278F760426 /* Pods-iOS-Play.debug.xcconfig */,
				8B6E124329B5C756D42E4291 /* Pods-iOS-Play.release.xcconfig */,
			);
			path = Pods;
			sourceTree = "<group>";
		};
		989677EDC5324EA305A608BA /* Frameworks */ = {
			isa = PBXGroup;
			children = (
				95FB2CAB69FF583436CAA23A /* Pods_iOS_Play.framework */,
			);
			name = Frameworks;
			sourceTree = "<group>";
		};
		E332273D2615663200DA11BE /* Help */ = {
			isa = PBXGroup;
			children = (
				E37D7CF8261ACADB00E433BB /* Cell++.swift */,
			);
			path = Help;
			sourceTree = "<group>";
		};
		E33227422615805A00DA11BE /* LoginViewController */ = {
			isa = PBXGroup;
			children = (
				E332274F2615824800DA11BE /* LoginViewController.swift */,
			);
			path = LoginViewController;
			sourceTree = "<group>";
		};
		E353057D261B13940077AB04 /* Font */ = {
			isa = PBXGroup;
			children = (
				E37D7CE2261AB6E200E433BB /* Arvo-Bold.ttf */,
				E37D7CE5261AB6E200E433BB /* Arvo-BoldItalic.ttf */,
				E37D7CE4261AB6E200E433BB /* Arvo-Italic.ttf */,
				E37D7CE3261AB6E200E433BB /* Arvo-Regular.ttf */,
			);
			path = Font;
			sourceTree = "<group>";
		};
		E379630C2615ADDC00CBF147 /* SwiftGen */ = {
			isa = PBXGroup;
			children = (
				E353057D261B13940077AB04 /* Font */,
				E379630E2615AE2800CBF147 /* Assets.swift */,
				E379630D2615AE2800CBF147 /* Strings.swift */,
				E3530578261B0A450077AB04 /* Fonts.swift */,
			);
			path = SwiftGen;
			sourceTree = "<group>";
		};
		E37D7CBD261AB5D400E433BB /* ViewModel */ = {
			isa = PBXGroup;
			children = (
				E37D7CCB261AB62A00E433BB /* Genre */,
				E37D7CCD261AB63C00E433BB /* AppCollection */,
				E37D7CCF261AB64D00E433BB /* HighlightCollection */,
				E37D7CCE261AB64800E433BB /* Banner */,
			);
			path = ViewModel;
			sourceTree = "<group>";
		};
		E37D7CCB261AB62A00E433BB /* Genre */ = {
			isa = PBXGroup;
			children = (
				E37D7CD8261AB68500E433BB /* GenreViewCell.swift */,
			);
			path = Genre;
			sourceTree = "<group>";
		};
		E37D7CCD261AB63C00E433BB /* AppCollection */ = {
			isa = PBXGroup;
			children = (
				E37D7CD3261AB67500E433BB /* CollectionTableViewCell.swift */,
				E37D7CD4261AB67500E433BB /* CollectionViewCell.swift */,
			);
			path = AppCollection;
			sourceTree = "<group>";
		};
		E37D7CCE261AB64800E433BB /* Banner */ = {
			isa = PBXGroup;
			children = (
				E37D7CD0261AB66B00E433BB /* BannerViewTableCell.swift */,
			);
			path = Banner;
			sourceTree = "<group>";
		};
		E37D7CCF261AB64D00E433BB /* HighlightCollection */ = {
			isa = PBXGroup;
			children = (
				E37D7CDC261AB68E00E433BB /* HighlighTableViewCell.swift */,
				E37D7CDB261AB68E00E433BB /* HighlightViewCell.swift */,
			);
			path = HighlightCollection;
			sourceTree = "<group>";
		};
		E3E70EFE26144C9200271013 = {
			isa = PBXGroup;
			children = (
				E37963062615AC7700CBF147 /* Podfile */,
				E379630B2615AD3400CBF147 /* swiftgen.yml */,
				E3E70F0926144C9200271013 /* iOS-Play */,
				E3E70F0826144C9200271013 /* Products */,
				445C5381B7AA2A799ACA52F0 /* Pods */,
				989677EDC5324EA305A608BA /* Frameworks */,
			);
			sourceTree = "<group>";
		};
		E3E70F0826144C9200271013 /* Products */ = {
			isa = PBXGroup;
			children = (
				E3E70F0726144C9200271013 /* iOS-Play.app */,
			);
			name = Products;
			sourceTree = "<group>";
		};
		E3E70F0926144C9200271013 /* iOS-Play */ = {
			isa = PBXGroup;
			children = (
				E332273D2615663200DA11BE /* Help */,
				E3E70F0A26144C9200271013 /* AppDelegate.swift */,
				E3E70F0C26144C9200271013 /* SceneDelegate.swift */,
				E3E70F2026144D4500271013 /* View */,
				E3E70F1F26144D3800271013 /* Model */,
				E3E70F2126144D5300271013 /* Controller */,
				E379630C2615ADDC00CBF147 /* SwiftGen */,
				E3E70F1326144C9400271013 /* Assets.xcassets */,
				E3E70F1826144C9400271013 /* Info.plist */,
			);
			path = "iOS-Play";
			sourceTree = "<group>";
		};
		E3E70F1F26144D3800271013 /* Model */ = {
			isa = PBXGroup;
			children = (
				E37D7CFB261ACC8400E433BB /* CellModel.swift */,
			);
			path = Model;
			sourceTree = "<group>";
		};
		E3E70F2026144D4500271013 /* View */ = {
			isa = PBXGroup;
			children = (
				E3E70F1026144C9200271013 /* Main.storyboard */,
				E3E70F1526144C9400271013 /* LaunchScreen.storyboard */,
				E37963122615AE5F00CBF147 /* Localizable.strings */,
			);
			path = View;
			sourceTree = "<group>";
		};
		E3E70F2126144D5300271013 /* Controller */ = {
			isa = PBXGroup;
			children = (
				E33227422615805A00DA11BE /* LoginViewController */,
				E3E70F41261457A900271013 /* BaseNavigationController */,
				E3E70F2526144E4200271013 /* Tabar Controller */,
				E37D7CBD261AB5D400E433BB /* ViewModel */,
				E3E70F2626144E5000271013 /* AppViewController */,
				E3E70F2726144E6C00271013 /* MusicViewController */,
				E3E70F2826144E7A00271013 /* MovieViewController */,
				E3E70F2926144E8900271013 /* BookViewController */,
				E3E70F2A26144E9C00271013 /* TVShowViewController */,
			);
			path = Controller;
			sourceTree = "<group>";
		};
		E3E70F2526144E4200271013 /* Tabar Controller */ = {
			isa = PBXGroup;
			children = (
				E3E70F2226144DAB00271013 /* MainTabBarViewController.swift */,
				E3E70F4D26146A2B00271013 /* TabBarItems.swift */,
				E36E6830261704710040F922 /* FeedTypeEnum.swift */,
				E36E6831261704710040F922 /* SegmentCollectionCell.swift */,
			);
			path = "Tabar Controller";
			sourceTree = "<group>";
		};
		E3E70F2626144E5000271013 /* AppViewController */ = {
			isa = PBXGroup;
			children = (
				E3E70F2B26144EE800271013 /* AppViewController.swift */,
				E3530574261AFDD10077AB04 /* DataMock.swift */,
				E36E6836261704890040F922 /* NewGameViewController.swift */,
				E36E6835261704890040F922 /* TopAppViewController.swift */,
				E37D7CF1261ABB7900E433BB /* DetailAppViewController.swift */,
			);
			path = AppViewController;
			sourceTree = "<group>";
		};
		E3E70F2726144E6C00271013 /* MusicViewController */ = {
			isa = PBXGroup;
			children = (
				E3E70F2E26144F4100271013 /* MusicViewController.swift */,
			);
			path = MusicViewController;
			sourceTree = "<group>";
		};
		E3E70F2826144E7A00271013 /* MovieViewController */ = {
			isa = PBXGroup;
			children = (
				E3E70F3226144F5400271013 /* MovieViewController.swift */,
			);
			path = MovieViewController;
			sourceTree = "<group>";
		};
		E3E70F2926144E8900271013 /* BookViewController */ = {
			isa = PBXGroup;
			children = (
				E3E70F3626144F6000271013 /* BookViewController.swift */,
			);
			path = BookViewController;
			sourceTree = "<group>";
		};
		E3E70F2A26144E9C00271013 /* TVShowViewController */ = {
			isa = PBXGroup;
			children = (
				E3E70F3926144F6900271013 /* TVShowViewController.swift */,
			);
			path = TVShowViewController;
			sourceTree = "<group>";
		};
		E3E70F41261457A900271013 /* BaseNavigationController */ = {
			isa = PBXGroup;
			children = (
				E3E70F42261457BE00271013 /* BaseNavigationController.swift */,
			);
			path = BaseNavigationController;
			sourceTree = "<group>";
		};
/* End PBXGroup section */

/* Begin PBXNativeTarget section */
		E3E70F0626144C9200271013 /* iOS-Play */ = {
			isa = PBXNativeTarget;
			buildConfigurationList = E3E70F1B26144C9400271013 /* Build configuration list for PBXNativeTarget "iOS-Play" */;
			buildPhases = (
				F59195AD65680113906DE23A /* [CP] Check Pods Manifest.lock */,
				E3E70F0326144C9200271013 /* Sources */,
				E3E70F0426144C9200271013 /* Frameworks */,
				E3E70F0526144C9200271013 /* Resources */,
				42D86DCF97D6144E73575196 /* [CP] Embed Pods Frameworks */,
			);
			buildRules = (
			);
			dependencies = (
			);
			name = "iOS-Play";
			packageProductDependencies = (
				E3E70F54261473FE00271013 /* Then */,
				E38ABAED2618136800B118AD /* Reusable */,
			);
			productName = "iOS-Play";
			productReference = E3E70F0726144C9200271013 /* iOS-Play.app */;
			productType = "com.apple.product-type.application";
		};
/* End PBXNativeTarget section */

/* Begin PBXProject section */
		E3E70EFF26144C9200271013 /* Project object */ = {
			isa = PBXProject;
			attributes = {
				LastSwiftUpdateCheck = 1240;
				LastUpgradeCheck = 1240;
				TargetAttributes = {
					E3E70F0626144C9200271013 = {
						CreatedOnToolsVersion = 12.4;
					};
				};
			};
			buildConfigurationList = E3E70F0226144C9200271013 /* Build configuration list for PBXProject "iOS-Play" */;
			compatibilityVersion = "Xcode 9.3";
			developmentRegion = en;
			hasScannedForEncodings = 0;
			knownRegions = (
				en,
				Base,
			);
			mainGroup = E3E70EFE26144C9200271013;
			packageReferences = (
				E3E70F53261473FE00271013 /* XCRemoteSwiftPackageReference "Then" */,
				E38ABAEC2618136800B118AD /* XCRemoteSwiftPackageReference "Reusable" */,
			);
			productRefGroup = E3E70F0826144C9200271013 /* Products */;
			projectDirPath = "";
			projectRoot = "";
			targets = (
				E3E70F0626144C9200271013 /* iOS-Play */,
			);
		};
/* End PBXProject section */

/* Begin PBXResourcesBuildPhase section */
		E3E70F0526144C9200271013 /* Resources */ = {
			isa = PBXResourcesBuildPhase;
			buildActionMask = 2147483647;
			files = (
				E3E70F1726144C9400271013 /* LaunchScreen.storyboard in Resources */,
				E37963142615AE5F00CBF147 /* Localizable.strings in Resources */,
				E3E70F1226144C9200271013 /* Main.storyboard in Resources */,
				E3E70F1426144C9400271013 /* Assets.xcassets in Resources */,
				E37D7CE8261AB6E200E433BB /* Arvo-Regular.ttf in Resources */,
				E37D7CEA261AB6E200E433BB /* Arvo-BoldItalic.ttf in Resources */,
				E37D7CE9261AB6E200E433BB /* Arvo-Italic.ttf in Resources */,
				E37D7CE7261AB6E200E433BB /* Arvo-Bold.ttf in Resources */,
			);
			runOnlyForDeploymentPostprocessing = 0;
		};
/* End PBXResourcesBuildPhase section */

/* Begin PBXShellScriptBuildPhase section */
		42D86DCF97D6144E73575196 /* [CP] Embed Pods Frameworks */ = {
			isa = PBXShellScriptBuildPhase;
			buildActionMask = 2147483647;
			files = (
			);
			inputFileListPaths = (
				"${PODS_ROOT}/Target Support Files/Pods-iOS-Play/Pods-iOS-Play-frameworks-${CONFIGURATION}-input-files.xcfilelist",
			);
			name = "[CP] Embed Pods Frameworks";
			outputFileListPaths = (
				"${PODS_ROOT}/Target Support Files/Pods-iOS-Play/Pods-iOS-Play-frameworks-${CONFIGURATION}-output-files.xcfilelist",
			);
			runOnlyForDeploymentPostprocessing = 0;
			shellPath = /bin/sh;
			shellScript = "\"${PODS_ROOT}/Target Support Files/Pods-iOS-Play/Pods-iOS-Play-frameworks.sh\"\n";
			showEnvVarsInLog = 0;
		};
		F59195AD65680113906DE23A /* [CP] Check Pods Manifest.lock */ = {
			isa = PBXShellScriptBuildPhase;
			buildActionMask = 2147483647;
			files = (
			);
			inputFileListPaths = (
			);
			inputPaths = (
				"${PODS_PODFILE_DIR_PATH}/Podfile.lock",
				"${PODS_ROOT}/Manifest.lock",
			);
			name = "[CP] Check Pods Manifest.lock";
			outputFileListPaths = (
			);
			outputPaths = (
				"$(DERIVED_FILE_DIR)/Pods-iOS-Play-checkManifestLockResult.txt",
			);
			runOnlyForDeploymentPostprocessing = 0;
			shellPath = /bin/sh;
			shellScript = "diff \"${PODS_PODFILE_DIR_PATH}/Podfile.lock\" \"${PODS_ROOT}/Manifest.lock\" > /dev/null\nif [ $? != 0 ] ; then\n    # print error to STDERR\n    echo \"error: The sandbox is not in sync with the Podfile.lock. Run 'pod install' or update your CocoaPods installation.\" >&2\n    exit 1\nfi\n# This output is used by Xcode 'outputs' to avoid re-running this script phase.\necho \"SUCCESS\" > \"${SCRIPT_OUTPUT_FILE_0}\"\n";
			showEnvVarsInLog = 0;
		};
/* End PBXShellScriptBuildPhase section */

/* Begin PBXSourcesBuildPhase section */
		E3E70F0326144C9200271013 /* Sources */ = {
			isa = PBXSourcesBuildPhase;
			buildActionMask = 2147483647;
			files = (
				E37D7CF9261ACADB00E433BB /* Cell++.swift in Sources */,
				E36E6832261704710040F922 /* FeedTypeEnum.swift in Sources */,
				E33227502615824800DA11BE /* LoginViewController.swift in Sources */,
				E3E70F2F26144F4100271013 /* MusicViewController.swift in Sources */,
				E3E70F3326144F5400271013 /* MovieViewController.swift in Sources */,
				E3E70F4E26146A2B00271013 /* TabBarItems.swift in Sources */,
				E3E70F2C26144EE800271013 /* AppViewController.swift in Sources */,
				E3E70F43261457BE00271013 /* BaseNavigationController.swift in Sources */,
				E3530579261B0A450077AB04 /* Fonts.swift in Sources */,
				E37D7CDE261AB68E00E433BB /* HighlighTableViewCell.swift in Sources */,
				E37D7CD9261AB68500E433BB /* GenreViewCell.swift in Sources */,
				E36E6833261704710040F922 /* SegmentCollectionCell.swift in Sources */,
				E3530575261AFDD10077AB04 /* DataMock.swift in Sources */,
				E37D7CFC261ACC8500E433BB /* CellModel.swift in Sources */,
				E36E6838261704890040F922 /* NewGameViewController.swift in Sources */,
				E37D7CF2261ABB7900E433BB /* DetailAppViewController.swift in Sources */,
				E36E6837261704890040F922 /* TopAppViewController.swift in Sources */,
				E37D7CD6261AB67500E433BB /* CollectionViewCell.swift in Sources */,
				E3E70F2326144DAB00271013 /* MainTabBarViewController.swift in Sources */,
				E37D7CDD261AB68E00E433BB /* HighlightViewCell.swift in Sources */,
				E379630F2615AE2800CBF147 /* Strings.swift in Sources */,
				E37963102615AE2800CBF147 /* Assets.swift in Sources */,
				E3E70F3726144F6000271013 /* BookViewController.swift in Sources */,
				E37D7CD1261AB66B00E433BB /* BannerViewTableCell.swift in Sources */,
				E3E70F0B26144C9200271013 /* AppDelegate.swift in Sources */,
				E3E70F0D26144C9200271013 /* SceneDelegate.swift in Sources */,
				E37D7CD5261AB67500E433BB /* CollectionTableViewCell.swift in Sources */,
				E3E70F3A26144F6900271013 /* TVShowViewController.swift in Sources */,
			);
			runOnlyForDeploymentPostprocessing = 0;
		};
/* End PBXSourcesBuildPhase section */

/* Begin PBXVariantGroup section */
		E37963122615AE5F00CBF147 /* Localizable.strings */ = {
			isa = PBXVariantGroup;
			children = (
				E37963132615AE5F00CBF147 /* Base */,
			);
			name = Localizable.strings;
			sourceTree = "<group>";
		};
		E3E70F1026144C9200271013 /* Main.storyboard */ = {
			isa = PBXVariantGroup;
			children = (
				E3E70F1126144C9200271013 /* Base */,
			);
			name = Main.storyboard;
			sourceTree = "<group>";
		};
		E3E70F1526144C9400271013 /* LaunchScreen.storyboard */ = {
			isa = PBXVariantGroup;
			children = (
				E3E70F1626144C9400271013 /* Base */,
			);
			name = LaunchScreen.storyboard;
			sourceTree = "<group>";
		};
/* End PBXVariantGroup section */

/* Begin XCBuildConfiguration section */
		E3E70F1926144C9400271013 /* Debug */ = {
			isa = XCBuildConfiguration;
			buildSettings = {
				ALWAYS_SEARCH_USER_PATHS = NO;
				CLANG_ANALYZER_NONNULL = YES;
				CLANG_ANALYZER_NUMBER_OBJECT_CONVERSION = YES_AGGRESSIVE;
				CLANG_CXX_LANGUAGE_STANDARD = "gnu++14";
				CLANG_CXX_LIBRARY = "libc++";
				CLANG_ENABLE_MODULES = YES;
				CLANG_ENABLE_OBJC_ARC = YES;
				CLANG_ENABLE_OBJC_WEAK = YES;
				CLANG_WARN_BLOCK_CAPTURE_AUTORELEASING = YES;
				CLANG_WARN_BOOL_CONVERSION = YES;
				CLANG_WARN_COMMA = YES;
				CLANG_WARN_CONSTANT_CONVERSION = YES;
				CLANG_WARN_DEPRECATED_OBJC_IMPLEMENTATIONS = YES;
				CLANG_WARN_DIRECT_OBJC_ISA_USAGE = YES_ERROR;
				CLANG_WARN_DOCUMENTATION_COMMENTS = YES;
				CLANG_WARN_EMPTY_BODY = YES;
				CLANG_WARN_ENUM_CONVERSION = YES;
				CLANG_WARN_INFINITE_RECURSION = YES;
				CLANG_WARN_INT_CONVERSION = YES;
				CLANG_WARN_NON_LITERAL_NULL_CONVERSION = YES;
				CLANG_WARN_OBJC_IMPLICIT_RETAIN_SELF = YES;
				CLANG_WARN_OBJC_LITERAL_CONVERSION = YES;
				CLANG_WARN_OBJC_ROOT_CLASS = YES_ERROR;
				CLANG_WARN_QUOTED_INCLUDE_IN_FRAMEWORK_HEADER = YES;
				CLANG_WARN_RANGE_LOOP_ANALYSIS = YES;
				CLANG_WARN_STRICT_PROTOTYPES = YES;
				CLANG_WARN_SUSPICIOUS_MOVE = YES;
				CLANG_WARN_UNGUARDED_AVAILABILITY = YES_AGGRESSIVE;
				CLANG_WARN_UNREACHABLE_CODE = YES;
				CLANG_WARN__DUPLICATE_METHOD_MATCH = YES;
				COPY_PHASE_STRIP = NO;
				DEBUG_INFORMATION_FORMAT = dwarf;
				ENABLE_STRICT_OBJC_MSGSEND = YES;
				ENABLE_TESTABILITY = YES;
				GCC_C_LANGUAGE_STANDARD = gnu11;
				GCC_DYNAMIC_NO_PIC = NO;
				GCC_NO_COMMON_BLOCKS = YES;
				GCC_OPTIMIZATION_LEVEL = 0;
				GCC_PREPROCESSOR_DEFINITIONS = (
					"DEBUG=1",
					"$(inherited)",
				);
				GCC_WARN_64_TO_32_BIT_CONVERSION = YES;
				GCC_WARN_ABOUT_RETURN_TYPE = YES_ERROR;
				GCC_WARN_UNDECLARED_SELECTOR = YES;
				GCC_WARN_UNINITIALIZED_AUTOS = YES_AGGRESSIVE;
				GCC_WARN_UNUSED_FUNCTION = YES;
				GCC_WARN_UNUSED_VARIABLE = YES;
				IPHONEOS_DEPLOYMENT_TARGET = 14.4;
				MTL_ENABLE_DEBUG_INFO = INCLUDE_SOURCE;
				MTL_FAST_MATH = YES;
				ONLY_ACTIVE_ARCH = YES;
				SDKROOT = iphoneos;
				SWIFT_ACTIVE_COMPILATION_CONDITIONS = DEBUG;
				SWIFT_OPTIMIZATION_LEVEL = "-Onone";
			};
			name = Debug;
		};
		E3E70F1A26144C9400271013 /* Release */ = {
			isa = XCBuildConfiguration;
			buildSettings = {
				ALWAYS_SEARCH_USER_PATHS = NO;
				CLANG_ANALYZER_NONNULL = YES;
				CLANG_ANALYZER_NUMBER_OBJECT_CONVERSION = YES_AGGRESSIVE;
				CLANG_CXX_LANGUAGE_STANDARD = "gnu++14";
				CLANG_CXX_LIBRARY = "libc++";
				CLANG_ENABLE_MODULES = YES;
				CLANG_ENABLE_OBJC_ARC = YES;
				CLANG_ENABLE_OBJC_WEAK = YES;
				CLANG_WARN_BLOCK_CAPTURE_AUTORELEASING = YES;
				CLANG_WARN_BOOL_CONVERSION = YES;
				CLANG_WARN_COMMA = YES;
				CLANG_WARN_CONSTANT_CONVERSION = YES;
				CLANG_WARN_DEPRECATED_OBJC_IMPLEMENTATIONS = YES;
				CLANG_WARN_DIRECT_OBJC_ISA_USAGE = YES_ERROR;
				CLANG_WARN_DOCUMENTATION_COMMENTS = YES;
				CLANG_WARN_EMPTY_BODY = YES;
				CLANG_WARN_ENUM_CONVERSION = YES;
				CLANG_WARN_INFINITE_RECURSION = YES;
				CLANG_WARN_INT_CONVERSION = YES;
				CLANG_WARN_NON_LITERAL_NULL_CONVERSION = YES;
				CLANG_WARN_OBJC_IMPLICIT_RETAIN_SELF = YES;
				CLANG_WARN_OBJC_LITERAL_CONVERSION = YES;
				CLANG_WARN_OBJC_ROOT_CLASS = YES_ERROR;
				CLANG_WARN_QUOTED_INCLUDE_IN_FRAMEWORK_HEADER = YES;
				CLANG_WARN_RANGE_LOOP_ANALYSIS = YES;
				CLANG_WARN_STRICT_PROTOTYPES = YES;
				CLANG_WARN_SUSPICIOUS_MOVE = YES;
				CLANG_WARN_UNGUARDED_AVAILABILITY = YES_AGGRESSIVE;
				CLANG_WARN_UNREACHABLE_CODE = YES;
				CLANG_WARN__DUPLICATE_METHOD_MATCH = YES;
				COPY_PHASE_STRIP = NO;
				DEBUG_INFORMATION_FORMAT = "dwarf-with-dsym";
				ENABLE_NS_ASSERTIONS = NO;
				ENABLE_STRICT_OBJC_MSGSEND = YES;
				GCC_C_LANGUAGE_STANDARD = gnu11;
				GCC_NO_COMMON_BLOCKS = YES;
				GCC_WARN_64_TO_32_BIT_CONVERSION = YES;
				GCC_WARN_ABOUT_RETURN_TYPE = YES_ERROR;
				GCC_WARN_UNDECLARED_SELECTOR = YES;
				GCC_WARN_UNINITIALIZED_AUTOS = YES_AGGRESSIVE;
				GCC_WARN_UNUSED_FUNCTION = YES;
				GCC_WARN_UNUSED_VARIABLE = YES;
				IPHONEOS_DEPLOYMENT_TARGET = 14.4;
				MTL_ENABLE_DEBUG_INFO = NO;
				MTL_FAST_MATH = YES;
				SDKROOT = iphoneos;
				SWIFT_COMPILATION_MODE = wholemodule;
				SWIFT_OPTIMIZATION_LEVEL = "-O";
				VALIDATE_PRODUCT = YES;
			};
			name = Release;
		};
		E3E70F1C26144C9400271013 /* Debug */ = {
			isa = XCBuildConfiguration;
			baseConfigurationReference = 60EEE4E73FE46C278F760426 /* Pods-iOS-Play.debug.xcconfig */;
			buildSettings = {
				ASSETCATALOG_COMPILER_APPICON_NAME = AppIcon;
				ASSETCATALOG_COMPILER_GLOBAL_ACCENT_COLOR_NAME = AccentColor;
				CODE_SIGN_STYLE = Automatic;
				INFOPLIST_FILE = "iOS-Play/Info.plist";
				LD_RUNPATH_SEARCH_PATHS = (
					"$(inherited)",
					"@executable_path/Frameworks",
				);
				PRODUCT_BUNDLE_IDENTIFIER = "com.Login.iOS-Play";
				PRODUCT_NAME = "$(TARGET_NAME)";
				SWIFT_VERSION = 5.0;
				TARGETED_DEVICE_FAMILY = "1,2";
			};
			name = Debug;
		};
		E3E70F1D26144C9400271013 /* Release */ = {
			isa = XCBuildConfiguration;
			baseConfigurationReference = 8B6E124329B5C756D42E4291 /* Pods-iOS-Play.release.xcconfig */;
			buildSettings = {
				ASSETCATALOG_COMPILER_APPICON_NAME = AppIcon;
				ASSETCATALOG_COMPILER_GLOBAL_ACCENT_COLOR_NAME = AccentColor;
				CODE_SIGN_STYLE = Automatic;
				INFOPLIST_FILE = "iOS-Play/Info.plist";
				LD_RUNPATH_SEARCH_PATHS = (
					"$(inherited)",
					"@executable_path/Frameworks",
				);
				PRODUCT_BUNDLE_IDENTIFIER = "com.Login.iOS-Play";
				PRODUCT_NAME = "$(TARGET_NAME)";
				SWIFT_VERSION = 5.0;
				TARGETED_DEVICE_FAMILY = "1,2";
			};
			name = Release;
		};
/* End XCBuildConfiguration section */

/* Begin XCConfigurationList section */
		E3E70F0226144C9200271013 /* Build configuration list for PBXProject "iOS-Play" */ = {
			isa = XCConfigurationList;
			buildConfigurations = (
				E3E70F1926144C9400271013 /* Debug */,
				E3E70F1A26144C9400271013 /* Release */,
			);
			defaultConfigurationIsVisible = 0;
			defaultConfigurationName = Release;
		};
		E3E70F1B26144C9400271013 /* Build configuration list for PBXNativeTarget "iOS-Play" */ = {
			isa = XCConfigurationList;
			buildConfigurations = (
				E3E70F1C26144C9400271013 /* Debug */,
				E3E70F1D26144C9400271013 /* Release */,
			);
			defaultConfigurationIsVisible = 0;
			defaultConfigurationName = Release;
		};
/* End XCConfigurationList section */

/* Begin XCRemoteSwiftPackageReference section */
		E38ABAEC2618136800B118AD /* XCRemoteSwiftPackageReference "Reusable" */ = {
			isa = XCRemoteSwiftPackageReference;
			repositoryURL = "https://github.com/AliSoftware/Reusable";
			requirement = {
				kind = upToNextMajorVersion;
				minimumVersion = 4.1.1;
			};
		};
		E3E70F53261473FE00271013 /* XCRemoteSwiftPackageReference "Then" */ = {
			isa = XCRemoteSwiftPackageReference;
			repositoryURL = "https://github.com/devxoul/Then";
			requirement = {
				kind = upToNextMajorVersion;
				minimumVersion = 2.7.0;
			};
		};
/* End XCRemoteSwiftPackageReference section */

/* Begin XCSwiftPackageProductDependency section */
		E38ABAED2618136800B118AD /* Reusable */ = {
			isa = XCSwiftPackageProductDependency;
			package = E38ABAEC2618136800B118AD /* XCRemoteSwiftPackageReference "Reusable" */;
			productName = Reusable;
		};
		E3E70F54261473FE00271013 /* Then */ = {
			isa = XCSwiftPackageProductDependency;
			package = E3E70F53261473FE00271013 /* XCRemoteSwiftPackageReference "Then" */;
			productName = Then;
		};
/* End XCSwiftPackageProductDependency section */
	};
	rootObject = E3E70EFF26144C9200271013 /* Project object */;
}
